// !$*UTF8*$!
{
	archiveVersion = 1;
	classes = {
	};
	objectVersion = 55;
	objects = {

/* Begin PBXBuildFile section */
		0403D66B28643EEE008715A7 /* ProfileStepVC.swift in Sources */ = {isa = PBXBuildFile; fileRef = 0403D66A28643EEE008715A7 /* ProfileStepVC.swift */; };
		0403D67028647639008715A7 /* CustomPassCell.swift in Sources */ = {isa = PBXBuildFile; fileRef = 0403D66E28647639008715A7 /* CustomPassCell.swift */; };
		0403D67128647639008715A7 /* CustomPassCell.xib in Resources */ = {isa = PBXBuildFile; fileRef = 0403D66F28647639008715A7 /* CustomPassCell.xib */; };
		0415D44D276C5AAF003D3C51 /* EditProfileVC.swift in Sources */ = {isa = PBXBuildFile; fileRef = 0415D44C276C5AAF003D3C51 /* EditProfileVC.swift */; };
		0415D44F276C7395003D3C51 /* BasicInfoVC.swift in Sources */ = {isa = PBXBuildFile; fileRef = 0415D44E276C7395003D3C51 /* BasicInfoVC.swift */; };
		0415D451276C73D1003D3C51 /* AccountVC.swift in Sources */ = {isa = PBXBuildFile; fileRef = 0415D450276C73D1003D3C51 /* AccountVC.swift */; };
		0415D453276C7407003D3C51 /* DobVC.swift in Sources */ = {isa = PBXBuildFile; fileRef = 0415D452276C7407003D3C51 /* DobVC.swift */; };
		0415D455276C7472003D3C51 /* AppearanceVC.swift in Sources */ = {isa = PBXBuildFile; fileRef = 0415D454276C7472003D3C51 /* AppearanceVC.swift */; };
		04235F3C277D967D00F22F17 /* UIVisualEffectViewX.swift in Sources */ = {isa = PBXBuildFile; fileRef = 04235F2C277D967A00F22F17 /* UIVisualEffectViewX.swift */; };
		04235F3D277D967D00F22F17 /* UIButtonX.swift in Sources */ = {isa = PBXBuildFile; fileRef = 04235F2D277D967A00F22F17 /* UIButtonX.swift */; };
		04235F3E277D967D00F22F17 /* LoadGIF.swift in Sources */ = {isa = PBXBuildFile; fileRef = 04235F2E277D967A00F22F17 /* LoadGIF.swift */; };
		04235F3F277D967D00F22F17 /* MyExtensions.swift in Sources */ = {isa = PBXBuildFile; fileRef = 04235F2F277D967A00F22F17 /* MyExtensions.swift */; };
		04235F40277D967D00F22F17 /* UITextFieldX.swift in Sources */ = {isa = PBXBuildFile; fileRef = 04235F30277D967A00F22F17 /* UITextFieldX.swift */; };
		04235F41277D967D00F22F17 /* UIViewControllerX.swift in Sources */ = {isa = PBXBuildFile; fileRef = 04235F31277D967A00F22F17 /* UIViewControllerX.swift */; };
		04235F44277D967D00F22F17 /* UIViewXRadialGradient.swift in Sources */ = {isa = PBXBuildFile; fileRef = 04235F34277D967B00F22F17 /* UIViewXRadialGradient.swift */; };
		04235F45277D967D00F22F17 /* CurvedHeaderGradient.swift in Sources */ = {isa = PBXBuildFile; fileRef = 04235F35277D967B00F22F17 /* CurvedHeaderGradient.swift */; };
		04235F46277D967D00F22F17 /* UIImageViewX.swift in Sources */ = {isa = PBXBuildFile; fileRef = 04235F36277D967C00F22F17 /* UIImageViewX.swift */; };
		04235F47277D967D00F22F17 /* CurvedHeader.swift in Sources */ = {isa = PBXBuildFile; fileRef = 04235F37277D967C00F22F17 /* CurvedHeader.swift */; };
		04235F48277D967D00F22F17 /* MJMaterialSwitch.swift in Sources */ = {isa = PBXBuildFile; fileRef = 04235F38277D967C00F22F17 /* MJMaterialSwitch.swift */; };
		04235F49277D967D00F22F17 /* FloatRatingView.swift in Sources */ = {isa = PBXBuildFile; fileRef = 04235F39277D967C00F22F17 /* FloatRatingView.swift */; };
		04235F4A277D967D00F22F17 /* UIViewAnchorPoint.swift in Sources */ = {isa = PBXBuildFile; fileRef = 04235F3A277D967D00F22F17 /* UIViewAnchorPoint.swift */; };
		04235F4B277D967D00F22F17 /* UISliderX.swift in Sources */ = {isa = PBXBuildFile; fileRef = 04235F3B277D967D00F22F17 /* UISliderX.swift */; };
		04246553277F17BD00585337 /* UIViewX.swift in Sources */ = {isa = PBXBuildFile; fileRef = 04246552277F17BC00585337 /* UIViewX.swift */; };
		04378B152771DC66004F674F /* SocialApp.xcdatamodeld in Sources */ = {isa = PBXBuildFile; fileRef = 04378B132771DC66004F674F /* SocialApp.xcdatamodeld */; };
		043885A92771CEAD007B5C8C /* Constant.swift in Sources */ = {isa = PBXBuildFile; fileRef = 043885A02771CEAC007B5C8C /* Constant.swift */; };
		043885AA2771CEAE007B5C8C /* PDUserDefaults.swift in Sources */ = {isa = PBXBuildFile; fileRef = 043885A12771CEAC007B5C8C /* PDUserDefaults.swift */; };
		043885AB2771CEAE007B5C8C /* SwiftyUserDefaults.swift in Sources */ = {isa = PBXBuildFile; fileRef = 043885A22771CEAD007B5C8C /* SwiftyUserDefaults.swift */; };
		043885AC2771CEAE007B5C8C /* UITapGesture.swift in Sources */ = {isa = PBXBuildFile; fileRef = 043885A32771CEAD007B5C8C /* UITapGesture.swift */; };
		043885AD2771CEAE007B5C8C /* BaseViewController.swift in Sources */ = {isa = PBXBuildFile; fileRef = 043885A42771CEAD007B5C8C /* BaseViewController.swift */; };
		043885AE2771CEAE007B5C8C /* AppUrl.swift in Sources */ = {isa = PBXBuildFile; fileRef = 043885A52771CEAD007B5C8C /* AppUrl.swift */; };
		043885AF2771CEAE007B5C8C /* LocationManager.swift in Sources */ = {isa = PBXBuildFile; fileRef = 043885A62771CEAD007B5C8C /* LocationManager.swift */; };
		043885B02771CEAE007B5C8C /* Utils.swift in Sources */ = {isa = PBXBuildFile; fileRef = 043885A72771CEAD007B5C8C /* Utils.swift */; };
		043A3627286490DD00F20065 /* ProfileCell.xib in Resources */ = {isa = PBXBuildFile; fileRef = 043A3626286490DD00F20065 /* ProfileCell.xib */; };
		043A3629286490E500F20065 /* ProfileCell.swift in Sources */ = {isa = PBXBuildFile; fileRef = 043A3628286490E500F20065 /* ProfileCell.swift */; };
		043AD33C27798FD100DE2349 /* NewHomeVC.swift in Sources */ = {isa = PBXBuildFile; fileRef = 043AD33B27798FD100DE2349 /* NewHomeVC.swift */; };
		043AD33E2779927900DE2349 /* CardView.swift in Sources */ = {isa = PBXBuildFile; fileRef = 043AD33D2779927900DE2349 /* CardView.swift */; };
		043AF6142879825E00B196CC /* ReceiveCallVC.swift in Sources */ = {isa = PBXBuildFile; fileRef = 043AF6132879825E00B196CC /* ReceiveCallVC.swift */; };
		044AF5472769B091008D26C5 /* filterVC.swift in Sources */ = {isa = PBXBuildFile; fileRef = 044AF5462769B091008D26C5 /* filterVC.swift */; };
		044AF54A2769BD24008D26C5 /* TableViewCell.swift in Sources */ = {isa = PBXBuildFile; fileRef = 044AF5492769BD24008D26C5 /* TableViewCell.swift */; };
		044AF54C2769BD39008D26C5 /* CollectionViewCell.swift in Sources */ = {isa = PBXBuildFile; fileRef = 044AF54B2769BD39008D26C5 /* CollectionViewCell.swift */; };
		044D90D027746A24006821E0 /* SpleshVC.swift in Sources */ = {isa = PBXBuildFile; fileRef = 044D90CF27746A24006821E0 /* SpleshVC.swift */; };
		044E8A1A299A3ACF00328246 /* NewTestingSub.storekit in Resources */ = {isa = PBXBuildFile; fileRef = 044E8A19299A3ACF00328246 /* NewTestingSub.storekit */; };
		044E8A1C299A442800328246 /* NitIAPHandler.swift in Sources */ = {isa = PBXBuildFile; fileRef = 044E8A1B299A442800328246 /* NitIAPHandler.swift */; };
		044EADCF2853128A0023568B /* GoLiveVC.swift in Sources */ = {isa = PBXBuildFile; fileRef = 044EADCE2853128A0023568B /* GoLiveVC.swift */; };
		0458795B2788746A003C74B0 /* ChatVC.swift in Sources */ = {isa = PBXBuildFile; fileRef = 0458795A2788746A003C74B0 /* ChatVC.swift */; };
		045A1E1C2848E33A003B6262 /* AppID.swift in Sources */ = {isa = PBXBuildFile; fileRef = 045A1E162848E33A003B6262 /* AppID.swift */; };
		045A1E1D2848E33A003B6262 /* AppID.swift in Sources */ = {isa = PBXBuildFile; fileRef = 045A1E162848E33A003B6262 /* AppID.swift */; };
		045A1E1E2848E33A003B6262 /* VideoChatViewController.swift in Sources */ = {isa = PBXBuildFile; fileRef = 045A1E172848E33A003B6262 /* VideoChatViewController.swift */; };
		045A1E1F2848E33A003B6262 /* VideoChatViewController.swift in Sources */ = {isa = PBXBuildFile; fileRef = 045A1E172848E33A003B6262 /* VideoChatViewController.swift */; };
		045D31672763511500E9F1B0 /* AppDelegate.swift in Sources */ = {isa = PBXBuildFile; fileRef = 045D31662763511500E9F1B0 /* AppDelegate.swift */; };
		045D31692763511500E9F1B0 /* SceneDelegate.swift in Sources */ = {isa = PBXBuildFile; fileRef = 045D31682763511500E9F1B0 /* SceneDelegate.swift */; };
		045D316B2763511500E9F1B0 /* ViewController.swift in Sources */ = {isa = PBXBuildFile; fileRef = 045D316A2763511500E9F1B0 /* ViewController.swift */; };
		045D316E2763511500E9F1B0 /* Main.storyboard in Resources */ = {isa = PBXBuildFile; fileRef = 045D316C2763511500E9F1B0 /* Main.storyboard */; };
		045D31732763511800E9F1B0 /* Assets.xcassets in Resources */ = {isa = PBXBuildFile; fileRef = 045D31722763511800E9F1B0 /* Assets.xcassets */; };
		045D31762763511800E9F1B0 /* LaunchScreen.storyboard in Resources */ = {isa = PBXBuildFile; fileRef = 045D31742763511800E9F1B0 /* LaunchScreen.storyboard */; };
		045E1361276B4A070071C2FD /* SettingsVC.swift in Sources */ = {isa = PBXBuildFile; fileRef = 045E1360276B4A070071C2FD /* SettingsVC.swift */; };
		046647562797E67D007EF713 /* SelectPlaneVC.swift in Sources */ = {isa = PBXBuildFile; fileRef = 046647552797E67D007EF713 /* SelectPlaneVC.swift */; };
		046647582797F3B8007EF713 /* ScreenBoostVC.swift in Sources */ = {isa = PBXBuildFile; fileRef = 046647572797F3B8007EF713 /* ScreenBoostVC.swift */; };
		0466475A2797F6F7007EF713 /* CheckOutVC.swift in Sources */ = {isa = PBXBuildFile; fileRef = 046647592797F6F7007EF713 /* CheckOutVC.swift */; };
		0466475C2798075A007EF713 /* CardDetailVC.swift in Sources */ = {isa = PBXBuildFile; fileRef = 0466475B2798075A007EF713 /* CardDetailVC.swift */; };
		046839472799868B009F5EB0 /* ChatBubbleData.swift in Sources */ = {isa = PBXBuildFile; fileRef = 046839452799868A009F5EB0 /* ChatBubbleData.swift */; };
		046839482799868B009F5EB0 /* ChatBubble.swift in Sources */ = {isa = PBXBuildFile; fileRef = 046839462799868B009F5EB0 /* ChatBubble.swift */; };
		0471C59928607B9100AA3434 /* NearProfileVC.swift in Sources */ = {isa = PBXBuildFile; fileRef = 0471C59828607B9100AA3434 /* NearProfileVC.swift */; };
		0477552527BB7B1F007A2F5E /* SocialAppTests.swift in Sources */ = {isa = PBXBuildFile; fileRef = 0477552427BB7B1F007A2F5E /* SocialAppTests.swift */; };
		047DE83A296EB7BB005BA09B /* StoreKit.framework in Frameworks */ = {isa = PBXBuildFile; fileRef = 047DE839296EB7BA005BA09B /* StoreKit.framework */; };
		04842991277357A400A3D4FD /* AppModel.swift in Sources */ = {isa = PBXBuildFile; fileRef = 04842990277357A400A3D4FD /* AppModel.swift */; };
		048849B42791597300043BFC /* NotificationUserDetailVC.swift in Sources */ = {isa = PBXBuildFile; fileRef = 048849B32791597300043BFC /* NotificationUserDetailVC.swift */; };
		049269DF277C542D00676642 /* ProfileLikeVC.swift in Sources */ = {isa = PBXBuildFile; fileRef = 049269DE277C542D00676642 /* ProfileLikeVC.swift */; };
		049F87032775F5BA00117BDE /* SwipeUser.swift in Sources */ = {isa = PBXBuildFile; fileRef = 049F87012775F5BA00117BDE /* SwipeUser.swift */; };
		049F87062775F79100117BDE /* SwipeUser.xib in Resources */ = {isa = PBXBuildFile; fileRef = 049F87052775F79100117BDE /* SwipeUser.xib */; };
		04A1B84328771B2700D3ED60 /* VoiceChatViewController.swift in Sources */ = {isa = PBXBuildFile; fileRef = 04A1B84228771B2600D3ED60 /* VoiceChatViewController.swift */; };
		04B0968E2769E46B00BDC3FA /* LoginVC.swift in Sources */ = {isa = PBXBuildFile; fileRef = 04B0968D2769E46B00BDC3FA /* LoginVC.swift */; };
		04B096902769E60600BDC3FA /* PhoneNumberVC.swift in Sources */ = {isa = PBXBuildFile; fileRef = 04B0968F2769E60600BDC3FA /* PhoneNumberVC.swift */; };
		04B096922769E64800BDC3FA /* VerifyPhoneOTPVC.swift in Sources */ = {isa = PBXBuildFile; fileRef = 04B096912769E64800BDC3FA /* VerifyPhoneOTPVC.swift */; };
		04B096962769E6C900BDC3FA /* EnableLocationVC.swift in Sources */ = {isa = PBXBuildFile; fileRef = 04B096952769E6C900BDC3FA /* EnableLocationVC.swift */; };
		04B096982769F0AB00BDC3FA /* CreateProfileVC.swift in Sources */ = {isa = PBXBuildFile; fileRef = 04B096972769F0AB00BDC3FA /* CreateProfileVC.swift */; };
		04B0969A2769F73F00BDC3FA /* HomeTabBarVC.swift in Sources */ = {isa = PBXBuildFile; fileRef = 04B096992769F73F00BDC3FA /* HomeTabBarVC.swift */; };
		04B0969C276A043A00BDC3FA /* HomeVC.swift in Sources */ = {isa = PBXBuildFile; fileRef = 04B0969B276A043900BDC3FA /* HomeVC.swift */; };
		04B0969E276A045800BDC3FA /* NotificationVC.swift in Sources */ = {isa = PBXBuildFile; fileRef = 04B0969D276A045800BDC3FA /* NotificationVC.swift */; };
		04B096A0276A049100BDC3FA /* LikesVC.swift in Sources */ = {isa = PBXBuildFile; fileRef = 04B0969F276A049100BDC3FA /* LikesVC.swift */; };
		04B096A2276A050800BDC3FA /* MyProfileVC.swift in Sources */ = {isa = PBXBuildFile; fileRef = 04B096A1276A050800BDC3FA /* MyProfileVC.swift */; };
		04D08C4D2788445000223CEF /* UILabelX.swift in Sources */ = {isa = PBXBuildFile; fileRef = 04D08C4C2788445000223CEF /* UILabelX.swift */; };
		04D08C4F2788474400223CEF /* LikeYourProfileVC.swift in Sources */ = {isa = PBXBuildFile; fileRef = 04D08C4E2788474400223CEF /* LikeYourProfileVC.swift */; };
		04D4986E277DDB7A00645EAE /* InboxSettingChatVC.swift in Sources */ = {isa = PBXBuildFile; fileRef = 04D4986D277DDB7A00645EAE /* InboxSettingChatVC.swift */; };
		04D49870277DECD600645EAE /* BlockedUsersVC.swift in Sources */ = {isa = PBXBuildFile; fileRef = 04D4986F277DECD600645EAE /* BlockedUsersVC.swift */; };
		04DA648327870D9A00F083B2 /* RangeSlider.swift in Sources */ = {isa = PBXBuildFile; fileRef = 04DA648227870D9900F083B2 /* RangeSlider.swift */; };
		04E2DC2C276B6A1000CE6A9E /* BloodGroupVC.swift in Sources */ = {isa = PBXBuildFile; fileRef = 04E2DC2B276B6A1000CE6A9E /* BloodGroupVC.swift */; };
		04E3959F27847A19009A71AB /* UIRadioWaveAnimationView.swift in Sources */ = {isa = PBXBuildFile; fileRef = 04E3959E27847A19009A71AB /* UIRadioWaveAnimationView.swift */; };
		18575A472899453800CDD2E5 /* LiveRoomViewController.swift in Sources */ = {isa = PBXBuildFile; fileRef = 18575A432899453700CDD2E5 /* LiveRoomViewController.swift */; };
		18575A482899453800CDD2E5 /* Settings.swift in Sources */ = {isa = PBXBuildFile; fileRef = 18575A442899453700CDD2E5 /* Settings.swift */; };
		18575A492899453800CDD2E5 /* MainViewController.swift in Sources */ = {isa = PBXBuildFile; fileRef = 18575A452899453700CDD2E5 /* MainViewController.swift */; };
		18575A4A2899453800CDD2E5 /* SettingsViewController.swift in Sources */ = {isa = PBXBuildFile; fileRef = 18575A462899453700CDD2E5 /* SettingsViewController.swift */; };
		18575A532899475200CDD2E5 /* FileCenter.swift in Sources */ = {isa = PBXBuildFile; fileRef = 18575A4F2899474F00CDD2E5 /* FileCenter.swift */; };
		18575A552899475200CDD2E5 /* StatisticsInfo.swift in Sources */ = {isa = PBXBuildFile; fileRef = 18575A512899475100CDD2E5 /* StatisticsInfo.swift */; };
		18575A562899475200CDD2E5 /* AgoraExtension.swift in Sources */ = {isa = PBXBuildFile; fileRef = 18575A522899475200CDD2E5 /* AgoraExtension.swift */; };
		18575A5A2899476C00CDD2E5 /* DimensionCell.swift in Sources */ = {isa = PBXBuildFile; fileRef = 18575A572899476B00CDD2E5 /* DimensionCell.swift */; };
		18575A5B2899476C00CDD2E5 /* VideoSession.swift in Sources */ = {isa = PBXBuildFile; fileRef = 18575A582899476B00CDD2E5 /* VideoSession.swift */; };
		18575A5C2899476C00CDD2E5 /* VideoView.swift in Sources */ = {isa = PBXBuildFile; fileRef = 18575A592899476C00CDD2E5 /* VideoView.swift */; };
		18575A65289948E200CDD2E5 /* AGEVideoContainer.swift in Sources */ = {isa = PBXBuildFile; fileRef = 18575A60289948E200CDD2E5 /* AGEVideoContainer.swift */; };
		18575A66289948E200CDD2E5 /* AGEEventsObserver.swift in Sources */ = {isa = PBXBuildFile; fileRef = 18575A61289948E200CDD2E5 /* AGEEventsObserver.swift */; };
		18575A67289948E200CDD2E5 /* AGEVideoConstraints.swift in Sources */ = {isa = PBXBuildFile; fileRef = 18575A62289948E200CDD2E5 /* AGEVideoConstraints.swift */; };
		18575A68289948E200CDD2E5 /* AGEVideoLayout.swift in Sources */ = {isa = PBXBuildFile; fileRef = 18575A63289948E200CDD2E5 /* AGEVideoLayout.swift */; };
		18575A69289948E200CDD2E5 /* AGEView.swift in Sources */ = {isa = PBXBuildFile; fileRef = 18575A64289948E200CDD2E5 /* AGEView.swift */; };
		1861B17028952DB900A11549 /* CircularProgressBar.swift in Sources */ = {isa = PBXBuildFile; fileRef = 1861B16F28952DB900A11549 /* CircularProgressBar.swift */; };
		188EC8622897FA3100EF99BB /* IAPHandler.swift in Sources */ = {isa = PBXBuildFile; fileRef = 188EC8612897FA3100EF99BB /* IAPHandler.swift */; };
		18DC52E328C624BA005A2B14 /* Utility.swift in Sources */ = {isa = PBXBuildFile; fileRef = 18DC52E228C624BA005A2B14 /* Utility.swift */; };
		18DC52E528C6251B005A2B14 /* UIImage+Gif.swift in Sources */ = {isa = PBXBuildFile; fileRef = 18DC52E428C6251B005A2B14 /* UIImage+Gif.swift */; };
		3774C0E72A3858F900070036 /* GoogleService-Info.plist in Resources */ = {isa = PBXBuildFile; fileRef = 3774C0E62A3858F900070036 /* GoogleService-Info.plist */; };
		3774C0E92A38772F00070036 /* HelpCenterVC.swift in Sources */ = {isa = PBXBuildFile; fileRef = 3774C0E82A38772F00070036 /* HelpCenterVC.swift */; };
		37F2379629F0FCBD00FC9771 /* SecondaryBoard.storyboard in Resources */ = {isa = PBXBuildFile; fileRef = 37F2379529F0FCBD00FC9771 /* SecondaryBoard.storyboard */; };
		37F2379929F0FE1E00FC9771 /* webViewController.swift in Sources */ = {isa = PBXBuildFile; fileRef = 37F2379829F0FE1E00FC9771 /* webViewController.swift */; };
		6BEE0E4E2A4B020C005968A9 /* userBlockList.swift in Sources */ = {isa = PBXBuildFile; fileRef = 6BEE0E4D2A4B020C005968A9 /* userBlockList.swift */; };
		6BEE0E512A4B0CCF005968A9 /* userTableViewCell.swift in Sources */ = {isa = PBXBuildFile; fileRef = 6BEE0E4F2A4B0CCF005968A9 /* userTableViewCell.swift */; };
		6BEE0E522A4B0CCF005968A9 /* userTableViewCell.xib in Resources */ = {isa = PBXBuildFile; fileRef = 6BEE0E502A4B0CCF005968A9 /* userTableViewCell.xib */; };
		887087F8291D168000B63C81 /* progress.gif in Resources */ = {isa = PBXBuildFile; fileRef = 887087F7291D166F00B63C81 /* progress.gif */; };
		888C8B2B2924F7D10027719C /* CardView1.swift in Sources */ = {isa = PBXBuildFile; fileRef = 888C8B2A2924F7D10027719C /* CardView1.swift */; };
		88AD7FDD2925FE2F008FF9C9 /* Colors.xcassets in Resources */ = {isa = PBXBuildFile; fileRef = 88AD7FDC2925FE2F008FF9C9 /* Colors.xcassets */; };
		C3E39DBF99B64B1E4A341906 /* Pods_SocialApp.framework in Frameworks */ = {isa = PBXBuildFile; fileRef = 90902AE3F8BD6ED9AE2A5B05 /* Pods_SocialApp.framework */; };
/* End PBXBuildFile section */

/* Begin PBXContainerItemProxy section */
		0477552627BB7B1F007A2F5E /* PBXContainerItemProxy */ = {
			isa = PBXContainerItemProxy;
			containerPortal = 045D315B2763511500E9F1B0 /* Project object */;
			proxyType = 1;
			remoteGlobalIDString = 045D31622763511500E9F1B0;
			remoteInfo = SocialApp;
		};
/* End PBXContainerItemProxy section */

/* Begin PBXFileReference section */
		0403D66A28643EEE008715A7 /* ProfileStepVC.swift */ = {isa = PBXFileReference; lastKnownFileType = sourcecode.swift; path = ProfileStepVC.swift; sourceTree = "<group>"; };
		0403D66E28647639008715A7 /* CustomPassCell.swift */ = {isa = PBXFileReference; fileEncoding = 4; lastKnownFileType = sourcecode.swift; path = CustomPassCell.swift; sourceTree = "<group>"; };
		0403D66F28647639008715A7 /* CustomPassCell.xib */ = {isa = PBXFileReference; fileEncoding = 4; lastKnownFileType = file.xib; path = CustomPassCell.xib; sourceTree = "<group>"; };
		0415D44C276C5AAF003D3C51 /* EditProfileVC.swift */ = {isa = PBXFileReference; lastKnownFileType = sourcecode.swift; path = EditProfileVC.swift; sourceTree = "<group>"; };
		0415D44E276C7395003D3C51 /* BasicInfoVC.swift */ = {isa = PBXFileReference; lastKnownFileType = sourcecode.swift; path = BasicInfoVC.swift; sourceTree = "<group>"; };
		0415D450276C73D1003D3C51 /* AccountVC.swift */ = {isa = PBXFileReference; lastKnownFileType = sourcecode.swift; path = AccountVC.swift; sourceTree = "<group>"; };
		0415D452276C7407003D3C51 /* DobVC.swift */ = {isa = PBXFileReference; lastKnownFileType = sourcecode.swift; path = DobVC.swift; sourceTree = "<group>"; };
		0415D454276C7472003D3C51 /* AppearanceVC.swift */ = {isa = PBXFileReference; lastKnownFileType = sourcecode.swift; path = AppearanceVC.swift; sourceTree = "<group>"; };
		04235F2C277D967A00F22F17 /* UIVisualEffectViewX.swift */ = {isa = PBXFileReference; fileEncoding = 4; lastKnownFileType = sourcecode.swift; path = UIVisualEffectViewX.swift; sourceTree = "<group>"; };
		04235F2D277D967A00F22F17 /* UIButtonX.swift */ = {isa = PBXFileReference; fileEncoding = 4; lastKnownFileType = sourcecode.swift; path = UIButtonX.swift; sourceTree = "<group>"; };
		04235F2E277D967A00F22F17 /* LoadGIF.swift */ = {isa = PBXFileReference; fileEncoding = 4; lastKnownFileType = sourcecode.swift; path = LoadGIF.swift; sourceTree = "<group>"; };
		04235F2F277D967A00F22F17 /* MyExtensions.swift */ = {isa = PBXFileReference; fileEncoding = 4; lastKnownFileType = sourcecode.swift; path = MyExtensions.swift; sourceTree = "<group>"; };
		04235F30277D967A00F22F17 /* UITextFieldX.swift */ = {isa = PBXFileReference; fileEncoding = 4; lastKnownFileType = sourcecode.swift; path = UITextFieldX.swift; sourceTree = "<group>"; };
		04235F31277D967A00F22F17 /* UIViewControllerX.swift */ = {isa = PBXFileReference; fileEncoding = 4; lastKnownFileType = sourcecode.swift; path = UIViewControllerX.swift; sourceTree = "<group>"; };
		04235F34277D967B00F22F17 /* UIViewXRadialGradient.swift */ = {isa = PBXFileReference; fileEncoding = 4; lastKnownFileType = sourcecode.swift; path = UIViewXRadialGradient.swift; sourceTree = "<group>"; };
		04235F35277D967B00F22F17 /* CurvedHeaderGradient.swift */ = {isa = PBXFileReference; fileEncoding = 4; lastKnownFileType = sourcecode.swift; path = CurvedHeaderGradient.swift; sourceTree = "<group>"; };
		04235F36277D967C00F22F17 /* UIImageViewX.swift */ = {isa = PBXFileReference; fileEncoding = 4; lastKnownFileType = sourcecode.swift; path = UIImageViewX.swift; sourceTree = "<group>"; };
		04235F37277D967C00F22F17 /* CurvedHeader.swift */ = {isa = PBXFileReference; fileEncoding = 4; lastKnownFileType = sourcecode.swift; path = CurvedHeader.swift; sourceTree = "<group>"; };
		04235F38277D967C00F22F17 /* MJMaterialSwitch.swift */ = {isa = PBXFileReference; fileEncoding = 4; lastKnownFileType = sourcecode.swift; path = MJMaterialSwitch.swift; sourceTree = "<group>"; };
		04235F39277D967C00F22F17 /* FloatRatingView.swift */ = {isa = PBXFileReference; fileEncoding = 4; lastKnownFileType = sourcecode.swift; path = FloatRatingView.swift; sourceTree = "<group>"; };
		04235F3A277D967D00F22F17 /* UIViewAnchorPoint.swift */ = {isa = PBXFileReference; fileEncoding = 4; lastKnownFileType = sourcecode.swift; path = UIViewAnchorPoint.swift; sourceTree = "<group>"; };
		04235F3B277D967D00F22F17 /* UISliderX.swift */ = {isa = PBXFileReference; fileEncoding = 4; lastKnownFileType = sourcecode.swift; path = UISliderX.swift; sourceTree = "<group>"; };
		04246552277F17BC00585337 /* UIViewX.swift */ = {isa = PBXFileReference; fileEncoding = 4; lastKnownFileType = sourcecode.swift; path = UIViewX.swift; sourceTree = "<group>"; };
		04378B142771DC66004F674F /* SocialApp.xcdatamodel */ = {isa = PBXFileReference; lastKnownFileType = wrapper.xcdatamodel; path = SocialApp.xcdatamodel; sourceTree = "<group>"; };
		043885A02771CEAC007B5C8C /* Constant.swift */ = {isa = PBXFileReference; fileEncoding = 4; lastKnownFileType = sourcecode.swift; path = Constant.swift; sourceTree = "<group>"; };
		043885A12771CEAC007B5C8C /* PDUserDefaults.swift */ = {isa = PBXFileReference; fileEncoding = 4; lastKnownFileType = sourcecode.swift; path = PDUserDefaults.swift; sourceTree = "<group>"; };
		043885A22771CEAD007B5C8C /* SwiftyUserDefaults.swift */ = {isa = PBXFileReference; fileEncoding = 4; lastKnownFileType = sourcecode.swift; path = SwiftyUserDefaults.swift; sourceTree = "<group>"; };
		043885A32771CEAD007B5C8C /* UITapGesture.swift */ = {isa = PBXFileReference; fileEncoding = 4; lastKnownFileType = sourcecode.swift; path = UITapGesture.swift; sourceTree = "<group>"; };
		043885A42771CEAD007B5C8C /* BaseViewController.swift */ = {isa = PBXFileReference; fileEncoding = 4; lastKnownFileType = sourcecode.swift; path = BaseViewController.swift; sourceTree = "<group>"; };
		043885A52771CEAD007B5C8C /* AppUrl.swift */ = {isa = PBXFileReference; fileEncoding = 4; lastKnownFileType = sourcecode.swift; path = AppUrl.swift; sourceTree = "<group>"; };
		043885A62771CEAD007B5C8C /* LocationManager.swift */ = {isa = PBXFileReference; fileEncoding = 4; lastKnownFileType = sourcecode.swift; path = LocationManager.swift; sourceTree = "<group>"; };
		043885A72771CEAD007B5C8C /* Utils.swift */ = {isa = PBXFileReference; fileEncoding = 4; lastKnownFileType = sourcecode.swift; path = Utils.swift; sourceTree = "<group>"; };
		043A3626286490DD00F20065 /* ProfileCell.xib */ = {isa = PBXFileReference; fileEncoding = 4; lastKnownFileType = file.xib; path = ProfileCell.xib; sourceTree = "<group>"; };
		043A3628286490E500F20065 /* ProfileCell.swift */ = {isa = PBXFileReference; fileEncoding = 4; lastKnownFileType = sourcecode.swift; path = ProfileCell.swift; sourceTree = "<group>"; };
		043AD33B27798FD100DE2349 /* NewHomeVC.swift */ = {isa = PBXFileReference; lastKnownFileType = sourcecode.swift; path = NewHomeVC.swift; sourceTree = "<group>"; };
		043AD33D2779927900DE2349 /* CardView.swift */ = {isa = PBXFileReference; fileEncoding = 4; lastKnownFileType = sourcecode.swift; path = CardView.swift; sourceTree = "<group>"; };
		043AF6132879825E00B196CC /* ReceiveCallVC.swift */ = {isa = PBXFileReference; lastKnownFileType = sourcecode.swift; path = ReceiveCallVC.swift; sourceTree = "<group>"; };
		044AF5462769B091008D26C5 /* filterVC.swift */ = {isa = PBXFileReference; lastKnownFileType = sourcecode.swift; path = filterVC.swift; sourceTree = "<group>"; };
		044AF5492769BD24008D26C5 /* TableViewCell.swift */ = {isa = PBXFileReference; lastKnownFileType = sourcecode.swift; path = TableViewCell.swift; sourceTree = "<group>"; };
		044AF54B2769BD39008D26C5 /* CollectionViewCell.swift */ = {isa = PBXFileReference; lastKnownFileType = sourcecode.swift; path = CollectionViewCell.swift; sourceTree = "<group>"; };
		044D90CF27746A24006821E0 /* SpleshVC.swift */ = {isa = PBXFileReference; lastKnownFileType = sourcecode.swift; path = SpleshVC.swift; sourceTree = "<group>"; };
		044E8A19299A3ACF00328246 /* NewTestingSub.storekit */ = {isa = PBXFileReference; lastKnownFileType = text; path = NewTestingSub.storekit; sourceTree = "<group>"; };
		044E8A1B299A442800328246 /* NitIAPHandler.swift */ = {isa = PBXFileReference; lastKnownFileType = sourcecode.swift; path = NitIAPHandler.swift; sourceTree = "<group>"; };
		044EADCE2853128A0023568B /* GoLiveVC.swift */ = {isa = PBXFileReference; lastKnownFileType = sourcecode.swift; path = GoLiveVC.swift; sourceTree = "<group>"; };
		0458795A2788746A003C74B0 /* ChatVC.swift */ = {isa = PBXFileReference; lastKnownFileType = sourcecode.swift; path = ChatVC.swift; sourceTree = "<group>"; };
		045A1E162848E33A003B6262 /* AppID.swift */ = {isa = PBXFileReference; fileEncoding = 4; lastKnownFileType = sourcecode.swift; path = AppID.swift; sourceTree = "<group>"; };
		045A1E172848E33A003B6262 /* VideoChatViewController.swift */ = {isa = PBXFileReference; fileEncoding = 4; lastKnownFileType = sourcecode.swift; path = VideoChatViewController.swift; sourceTree = "<group>"; };
		045D31632763511500E9F1B0 /* SocialApp.app */ = {isa = PBXFileReference; explicitFileType = wrapper.application; includeInIndex = 0; path = SocialApp.app; sourceTree = BUILT_PRODUCTS_DIR; };
		045D31662763511500E9F1B0 /* AppDelegate.swift */ = {isa = PBXFileReference; lastKnownFileType = sourcecode.swift; path = AppDelegate.swift; sourceTree = "<group>"; };
		045D31682763511500E9F1B0 /* SceneDelegate.swift */ = {isa = PBXFileReference; lastKnownFileType = sourcecode.swift; path = SceneDelegate.swift; sourceTree = "<group>"; };
		045D316A2763511500E9F1B0 /* ViewController.swift */ = {isa = PBXFileReference; lastKnownFileType = sourcecode.swift; path = ViewController.swift; sourceTree = "<group>"; };
		045D316D2763511500E9F1B0 /* Base */ = {isa = PBXFileReference; lastKnownFileType = file.storyboard; name = Base; path = Base.lproj/Main.storyboard; sourceTree = "<group>"; };
		045D31722763511800E9F1B0 /* Assets.xcassets */ = {isa = PBXFileReference; lastKnownFileType = folder.assetcatalog; path = Assets.xcassets; sourceTree = "<group>"; };
		045D31752763511800E9F1B0 /* Base */ = {isa = PBXFileReference; lastKnownFileType = file.storyboard; name = Base; path = Base.lproj/LaunchScreen.storyboard; sourceTree = "<group>"; };
		045D31772763511800E9F1B0 /* Info.plist */ = {isa = PBXFileReference; lastKnownFileType = text.plist.xml; path = Info.plist; sourceTree = "<group>"; };
		045E1360276B4A070071C2FD /* SettingsVC.swift */ = {isa = PBXFileReference; lastKnownFileType = sourcecode.swift; path = SettingsVC.swift; sourceTree = "<group>"; };
		046647552797E67D007EF713 /* SelectPlaneVC.swift */ = {isa = PBXFileReference; lastKnownFileType = sourcecode.swift; path = SelectPlaneVC.swift; sourceTree = "<group>"; };
		046647572797F3B8007EF713 /* ScreenBoostVC.swift */ = {isa = PBXFileReference; lastKnownFileType = sourcecode.swift; path = ScreenBoostVC.swift; sourceTree = "<group>"; };
		046647592797F6F7007EF713 /* CheckOutVC.swift */ = {isa = PBXFileReference; lastKnownFileType = sourcecode.swift; path = CheckOutVC.swift; sourceTree = "<group>"; };
		0466475B2798075A007EF713 /* CardDetailVC.swift */ = {isa = PBXFileReference; lastKnownFileType = sourcecode.swift; path = CardDetailVC.swift; sourceTree = "<group>"; };
		046839452799868A009F5EB0 /* ChatBubbleData.swift */ = {isa = PBXFileReference; fileEncoding = 4; lastKnownFileType = sourcecode.swift; path = ChatBubbleData.swift; sourceTree = "<group>"; };
		046839462799868B009F5EB0 /* ChatBubble.swift */ = {isa = PBXFileReference; fileEncoding = 4; lastKnownFileType = sourcecode.swift; path = ChatBubble.swift; sourceTree = "<group>"; };
		0471C59828607B9100AA3434 /* NearProfileVC.swift */ = {isa = PBXFileReference; lastKnownFileType = sourcecode.swift; name = NearProfileVC.swift; path = SocialApp/Controller/Home/NearProfileVC.swift; sourceTree = SOURCE_ROOT; };
		0477552227BB7B1F007A2F5E /* SocialAppTests.xctest */ = {isa = PBXFileReference; explicitFileType = wrapper.cfbundle; includeInIndex = 0; path = SocialAppTests.xctest; sourceTree = BUILT_PRODUCTS_DIR; };
		0477552427BB7B1F007A2F5E /* SocialAppTests.swift */ = {isa = PBXFileReference; lastKnownFileType = sourcecode.swift; path = SocialAppTests.swift; sourceTree = "<group>"; };
		047DE839296EB7BA005BA09B /* StoreKit.framework */ = {isa = PBXFileReference; lastKnownFileType = wrapper.framework; name = StoreKit.framework; path = System/Library/Frameworks/StoreKit.framework; sourceTree = SDKROOT; };
		04842990277357A400A3D4FD /* AppModel.swift */ = {isa = PBXFileReference; lastKnownFileType = sourcecode.swift; path = AppModel.swift; sourceTree = "<group>"; };
		048849B32791597300043BFC /* NotificationUserDetailVC.swift */ = {isa = PBXFileReference; lastKnownFileType = sourcecode.swift; path = NotificationUserDetailVC.swift; sourceTree = "<group>"; };
		049269DE277C542D00676642 /* ProfileLikeVC.swift */ = {isa = PBXFileReference; lastKnownFileType = sourcecode.swift; path = ProfileLikeVC.swift; sourceTree = "<group>"; };
		049F86F72775EB7100117BDE /* SocialAppRelease.entitlements */ = {isa = PBXFileReference; lastKnownFileType = text.plist.entitlements; path = SocialAppRelease.entitlements; sourceTree = "<group>"; };
		049F86F82775F0E200117BDE /* SocialAppDebug.entitlements */ = {isa = PBXFileReference; lastKnownFileType = text.plist.entitlements; path = SocialAppDebug.entitlements; sourceTree = "<group>"; };
		049F87012775F5BA00117BDE /* SwipeUser.swift */ = {isa = PBXFileReference; lastKnownFileType = sourcecode.swift; path = SwipeUser.swift; sourceTree = "<group>"; xcLanguageSpecificationIdentifier = xcode.lang.json; };
		049F87052775F79100117BDE /* SwipeUser.xib */ = {isa = PBXFileReference; lastKnownFileType = file.xib; path = SwipeUser.xib; sourceTree = "<group>"; };
		04A1B84228771B2600D3ED60 /* VoiceChatViewController.swift */ = {isa = PBXFileReference; fileEncoding = 4; lastKnownFileType = sourcecode.swift; path = VoiceChatViewController.swift; sourceTree = "<group>"; };
		04B0968D2769E46B00BDC3FA /* LoginVC.swift */ = {isa = PBXFileReference; lastKnownFileType = sourcecode.swift; path = LoginVC.swift; sourceTree = "<group>"; };
		04B0968F2769E60600BDC3FA /* PhoneNumberVC.swift */ = {isa = PBXFileReference; lastKnownFileType = sourcecode.swift; path = PhoneNumberVC.swift; sourceTree = "<group>"; };
		04B096912769E64800BDC3FA /* VerifyPhoneOTPVC.swift */ = {isa = PBXFileReference; lastKnownFileType = sourcecode.swift; path = VerifyPhoneOTPVC.swift; sourceTree = "<group>"; };
		04B096952769E6C900BDC3FA /* EnableLocationVC.swift */ = {isa = PBXFileReference; lastKnownFileType = sourcecode.swift; path = EnableLocationVC.swift; sourceTree = "<group>"; };
		04B096972769F0AB00BDC3FA /* CreateProfileVC.swift */ = {isa = PBXFileReference; lastKnownFileType = sourcecode.swift; path = CreateProfileVC.swift; sourceTree = "<group>"; };
		04B096992769F73F00BDC3FA /* HomeTabBarVC.swift */ = {isa = PBXFileReference; lastKnownFileType = sourcecode.swift; path = HomeTabBarVC.swift; sourceTree = "<group>"; };
		04B0969B276A043900BDC3FA /* HomeVC.swift */ = {isa = PBXFileReference; lastKnownFileType = sourcecode.swift; path = HomeVC.swift; sourceTree = "<group>"; };
		04B0969D276A045800BDC3FA /* NotificationVC.swift */ = {isa = PBXFileReference; lastKnownFileType = sourcecode.swift; path = NotificationVC.swift; sourceTree = "<group>"; };
		04B0969F276A049100BDC3FA /* LikesVC.swift */ = {isa = PBXFileReference; lastKnownFileType = sourcecode.swift; path = LikesVC.swift; sourceTree = "<group>"; };
		04B096A1276A050800BDC3FA /* MyProfileVC.swift */ = {isa = PBXFileReference; lastKnownFileType = sourcecode.swift; path = MyProfileVC.swift; sourceTree = "<group>"; };
		04D08C4C2788445000223CEF /* UILabelX.swift */ = {isa = PBXFileReference; fileEncoding = 4; lastKnownFileType = sourcecode.swift; path = UILabelX.swift; sourceTree = "<group>"; };
		04D08C4E2788474400223CEF /* LikeYourProfileVC.swift */ = {isa = PBXFileReference; lastKnownFileType = sourcecode.swift; path = LikeYourProfileVC.swift; sourceTree = "<group>"; };
		04D4986D277DDB7A00645EAE /* InboxSettingChatVC.swift */ = {isa = PBXFileReference; lastKnownFileType = sourcecode.swift; path = InboxSettingChatVC.swift; sourceTree = "<group>"; };
		04D4986F277DECD600645EAE /* BlockedUsersVC.swift */ = {isa = PBXFileReference; lastKnownFileType = sourcecode.swift; path = BlockedUsersVC.swift; sourceTree = "<group>"; };
		04DA648227870D9900F083B2 /* RangeSlider.swift */ = {isa = PBXFileReference; fileEncoding = 4; lastKnownFileType = sourcecode.swift; path = RangeSlider.swift; sourceTree = "<group>"; };
		04E2DC2B276B6A1000CE6A9E /* BloodGroupVC.swift */ = {isa = PBXFileReference; lastKnownFileType = sourcecode.swift; path = BloodGroupVC.swift; sourceTree = "<group>"; };
		04E3959E27847A19009A71AB /* UIRadioWaveAnimationView.swift */ = {isa = PBXFileReference; lastKnownFileType = sourcecode.swift; path = UIRadioWaveAnimationView.swift; sourceTree = "<group>"; };
		18575A432899453700CDD2E5 /* LiveRoomViewController.swift */ = {isa = PBXFileReference; fileEncoding = 4; lastKnownFileType = sourcecode.swift; path = LiveRoomViewController.swift; sourceTree = "<group>"; };
		18575A442899453700CDD2E5 /* Settings.swift */ = {isa = PBXFileReference; fileEncoding = 4; lastKnownFileType = sourcecode.swift; path = Settings.swift; sourceTree = "<group>"; };
		18575A452899453700CDD2E5 /* MainViewController.swift */ = {isa = PBXFileReference; fileEncoding = 4; lastKnownFileType = sourcecode.swift; path = MainViewController.swift; sourceTree = "<group>"; };
		18575A462899453700CDD2E5 /* SettingsViewController.swift */ = {isa = PBXFileReference; fileEncoding = 4; lastKnownFileType = sourcecode.swift; path = SettingsViewController.swift; sourceTree = "<group>"; };
		18575A4F2899474F00CDD2E5 /* FileCenter.swift */ = {isa = PBXFileReference; fileEncoding = 4; lastKnownFileType = sourcecode.swift; path = FileCenter.swift; sourceTree = "<group>"; };
		18575A512899475100CDD2E5 /* StatisticsInfo.swift */ = {isa = PBXFileReference; fileEncoding = 4; lastKnownFileType = sourcecode.swift; path = StatisticsInfo.swift; sourceTree = "<group>"; };
		18575A522899475200CDD2E5 /* AgoraExtension.swift */ = {isa = PBXFileReference; fileEncoding = 4; lastKnownFileType = sourcecode.swift; path = AgoraExtension.swift; sourceTree = "<group>"; };
		18575A572899476B00CDD2E5 /* DimensionCell.swift */ = {isa = PBXFileReference; fileEncoding = 4; lastKnownFileType = sourcecode.swift; path = DimensionCell.swift; sourceTree = "<group>"; };
		18575A582899476B00CDD2E5 /* VideoSession.swift */ = {isa = PBXFileReference; fileEncoding = 4; lastKnownFileType = sourcecode.swift; path = VideoSession.swift; sourceTree = "<group>"; };
		18575A592899476C00CDD2E5 /* VideoView.swift */ = {isa = PBXFileReference; fileEncoding = 4; lastKnownFileType = sourcecode.swift; path = VideoView.swift; sourceTree = "<group>"; };
		18575A60289948E200CDD2E5 /* AGEVideoContainer.swift */ = {isa = PBXFileReference; fileEncoding = 4; lastKnownFileType = sourcecode.swift; path = AGEVideoContainer.swift; sourceTree = "<group>"; };
		18575A61289948E200CDD2E5 /* AGEEventsObserver.swift */ = {isa = PBXFileReference; fileEncoding = 4; lastKnownFileType = sourcecode.swift; path = AGEEventsObserver.swift; sourceTree = "<group>"; };
		18575A62289948E200CDD2E5 /* AGEVideoConstraints.swift */ = {isa = PBXFileReference; fileEncoding = 4; lastKnownFileType = sourcecode.swift; path = AGEVideoConstraints.swift; sourceTree = "<group>"; };
		18575A63289948E200CDD2E5 /* AGEVideoLayout.swift */ = {isa = PBXFileReference; fileEncoding = 4; lastKnownFileType = sourcecode.swift; path = AGEVideoLayout.swift; sourceTree = "<group>"; };
		18575A64289948E200CDD2E5 /* AGEView.swift */ = {isa = PBXFileReference; fileEncoding = 4; lastKnownFileType = sourcecode.swift; path = AGEView.swift; sourceTree = "<group>"; };
		1861B16F28952DB900A11549 /* CircularProgressBar.swift */ = {isa = PBXFileReference; fileEncoding = 4; lastKnownFileType = sourcecode.swift; path = CircularProgressBar.swift; sourceTree = "<group>"; };
		188EC8612897FA3100EF99BB /* IAPHandler.swift */ = {isa = PBXFileReference; fileEncoding = 4; lastKnownFileType = sourcecode.swift; path = IAPHandler.swift; sourceTree = "<group>"; };
		18DC52E228C624BA005A2B14 /* Utility.swift */ = {isa = PBXFileReference; fileEncoding = 4; lastKnownFileType = sourcecode.swift; path = Utility.swift; sourceTree = "<group>"; };
		18DC52E428C6251B005A2B14 /* UIImage+Gif.swift */ = {isa = PBXFileReference; fileEncoding = 4; lastKnownFileType = sourcecode.swift; path = "UIImage+Gif.swift"; sourceTree = "<group>"; };
		3774C0E62A3858F900070036 /* GoogleService-Info.plist */ = {isa = PBXFileReference; fileEncoding = 4; lastKnownFileType = text.plist.xml; path = "GoogleService-Info.plist"; sourceTree = "<group>"; };
		3774C0E82A38772F00070036 /* HelpCenterVC.swift */ = {isa = PBXFileReference; lastKnownFileType = sourcecode.swift; path = HelpCenterVC.swift; sourceTree = "<group>"; };
		37F2379529F0FCBD00FC9771 /* SecondaryBoard.storyboard */ = {isa = PBXFileReference; lastKnownFileType = file.storyboard; path = SecondaryBoard.storyboard; sourceTree = "<group>"; };
		37F2379829F0FE1E00FC9771 /* webViewController.swift */ = {isa = PBXFileReference; lastKnownFileType = sourcecode.swift; path = webViewController.swift; sourceTree = "<group>"; };
		5FD2FC8F5DF6EAFA2A13A39D /* Pods-SocialApp.debug.xcconfig */ = {isa = PBXFileReference; includeInIndex = 1; lastKnownFileType = text.xcconfig; name = "Pods-SocialApp.debug.xcconfig"; path = "Target Support Files/Pods-SocialApp/Pods-SocialApp.debug.xcconfig"; sourceTree = "<group>"; };
		6BEE0E4D2A4B020C005968A9 /* userBlockList.swift */ = {isa = PBXFileReference; lastKnownFileType = sourcecode.swift; path = userBlockList.swift; sourceTree = "<group>"; };
		6BEE0E4F2A4B0CCF005968A9 /* userTableViewCell.swift */ = {isa = PBXFileReference; lastKnownFileType = sourcecode.swift; path = userTableViewCell.swift; sourceTree = "<group>"; };
		6BEE0E502A4B0CCF005968A9 /* userTableViewCell.xib */ = {isa = PBXFileReference; lastKnownFileType = file.xib; path = userTableViewCell.xib; sourceTree = "<group>"; };
		887087F7291D166F00B63C81 /* progress.gif */ = {isa = PBXFileReference; lastKnownFileType = image.gif; path = progress.gif; sourceTree = "<group>"; };
		888C8B2A2924F7D10027719C /* CardView1.swift */ = {isa = PBXFileReference; fileEncoding = 4; lastKnownFileType = sourcecode.swift; path = CardView1.swift; sourceTree = "<group>"; };
		88AD7FDC2925FE2F008FF9C9 /* Colors.xcassets */ = {isa = PBXFileReference; lastKnownFileType = folder.assetcatalog; path = Colors.xcassets; sourceTree = "<group>"; };
		90902AE3F8BD6ED9AE2A5B05 /* Pods_SocialApp.framework */ = {isa = PBXFileReference; explicitFileType = wrapper.framework; includeInIndex = 0; path = Pods_SocialApp.framework; sourceTree = BUILT_PRODUCTS_DIR; };
		F7F2CE436902A8B9FB72A370 /* Pods-SocialApp.release.xcconfig */ = {isa = PBXFileReference; includeInIndex = 1; lastKnownFileType = text.xcconfig; name = "Pods-SocialApp.release.xcconfig"; path = "Target Support Files/Pods-SocialApp/Pods-SocialApp.release.xcconfig"; sourceTree = "<group>"; };
/* End PBXFileReference section */

/* Begin PBXFrameworksBuildPhase section */
		045D31602763511500E9F1B0 /* Frameworks */ = {
			isa = PBXFrameworksBuildPhase;
			buildActionMask = 2147483647;
			files = (
				C3E39DBF99B64B1E4A341906 /* Pods_SocialApp.framework in Frameworks */,
				047DE83A296EB7BB005BA09B /* StoreKit.framework in Frameworks */,
			);
			runOnlyForDeploymentPostprocessing = 0;
		};
		0477551F27BB7B1F007A2F5E /* Frameworks */ = {
			isa = PBXFrameworksBuildPhase;
			buildActionMask = 2147483647;
			files = (
			);
			runOnlyForDeploymentPostprocessing = 0;
		};
/* End PBXFrameworksBuildPhase section */

/* Begin PBXGroup section */
		0403D66C28643F0E008715A7 /* ProfileVC */ = {
			isa = PBXGroup;
			children = (
				04B096A1276A050800BDC3FA /* MyProfileVC.swift */,
				0403D66D28647639008715A7 /* passCell */,
				0403D66A28643EEE008715A7 /* ProfileStepVC.swift */,
				04E2DC2B276B6A1000CE6A9E /* BloodGroupVC.swift */,
				0415D44C276C5AAF003D3C51 /* EditProfileVC.swift */,
				0415D454276C7472003D3C51 /* AppearanceVC.swift */,
			);
			path = ProfileVC;
			sourceTree = "<group>";
		};
		0403D66D28647639008715A7 /* passCell */ = {
			isa = PBXGroup;
			children = (
				043A3626286490DD00F20065 /* ProfileCell.xib */,
				043A3628286490E500F20065 /* ProfileCell.swift */,
				0403D66E28647639008715A7 /* CustomPassCell.swift */,
				0403D66F28647639008715A7 /* CustomPassCell.xib */,
			);
			path = passCell;
			sourceTree = "<group>";
		};
		04235F4C277D974100F22F17 /* NewDX */ = {
			isa = PBXGroup;
			children = (
				888C8B2A2924F7D10027719C /* CardView1.swift */,
				04D08C4C2788445000223CEF /* UILabelX.swift */,
				04DA648227870D9900F083B2 /* RangeSlider.swift */,
				04246552277F17BC00585337 /* UIViewX.swift */,
				04235F37277D967C00F22F17 /* CurvedHeader.swift */,
				04235F35277D967B00F22F17 /* CurvedHeaderGradient.swift */,
				04235F39277D967C00F22F17 /* FloatRatingView.swift */,
				04235F2E277D967A00F22F17 /* LoadGIF.swift */,
				04235F38277D967C00F22F17 /* MJMaterialSwitch.swift */,
				04235F2F277D967A00F22F17 /* MyExtensions.swift */,
				04235F2D277D967A00F22F17 /* UIButtonX.swift */,
				04235F36277D967C00F22F17 /* UIImageViewX.swift */,
				04235F3B277D967D00F22F17 /* UISliderX.swift */,
				04235F30277D967A00F22F17 /* UITextFieldX.swift */,
				04235F3A277D967D00F22F17 /* UIViewAnchorPoint.swift */,
				04235F31277D967A00F22F17 /* UIViewControllerX.swift */,
				04235F34277D967B00F22F17 /* UIViewXRadialGradient.swift */,
				04235F2C277D967A00F22F17 /* UIVisualEffectViewX.swift */,
				04E3959E27847A19009A71AB /* UIRadioWaveAnimationView.swift */,
			);
			path = NewDX;
			sourceTree = "<group>";
		};
		0438859F2771CDCF007B5C8C /* ThirdParty */ = {
			isa = PBXGroup;
			children = (
				043885A52771CEAD007B5C8C /* AppUrl.swift */,
				043885A42771CEAD007B5C8C /* BaseViewController.swift */,
				043885A02771CEAC007B5C8C /* Constant.swift */,
				043885A62771CEAD007B5C8C /* LocationManager.swift */,
				043885A12771CEAC007B5C8C /* PDUserDefaults.swift */,
				043885A22771CEAD007B5C8C /* SwiftyUserDefaults.swift */,
				043885A32771CEAD007B5C8C /* UITapGesture.swift */,
				043885A72771CEAD007B5C8C /* Utils.swift */,
				18DC52E228C624BA005A2B14 /* Utility.swift */,
				18DC52E428C6251B005A2B14 /* UIImage+Gif.swift */,
				1861B16F28952DB900A11549 /* CircularProgressBar.swift */,
			);
			path = ThirdParty;
			sourceTree = "<group>";
		};
		044AF5482769BCF8008D26C5 /* Cell */ = {
			isa = PBXGroup;
			children = (
				044AF5492769BD24008D26C5 /* TableViewCell.swift */,
				044AF54B2769BD39008D26C5 /* CollectionViewCell.swift */,
				6BEE0E4F2A4B0CCF005968A9 /* userTableViewCell.swift */,
				6BEE0E502A4B0CCF005968A9 /* userTableViewCell.xib */,
			);
			path = Cell;
			sourceTree = "<group>";
		};
		044EADCD285311E30023568B /* GoLive */ = {
			isa = PBXGroup;
			children = (
				044EADCE2853128A0023568B /* GoLiveVC.swift */,
			);
			path = GoLive;
			sourceTree = "<group>";
		};
		045A1E132848E33A003B6262 /* VideoCall */ = {
			isa = PBXGroup;
			children = (
				18575A422899447D00CDD2E5 /* LiveBroadCastVC */,
				045A1E162848E33A003B6262 /* AppID.swift */,
				045A1E172848E33A003B6262 /* VideoChatViewController.swift */,
				04A1B84228771B2600D3ED60 /* VoiceChatViewController.swift */,
				043AF6132879825E00B196CC /* ReceiveCallVC.swift */,
			);
			path = VideoCall;
			sourceTree = "<group>";
		};
		045D315A2763511500E9F1B0 = {
			isa = PBXGroup;
			children = (
				045D31652763511500E9F1B0 /* SocialApp */,
				0477552327BB7B1F007A2F5E /* SocialAppTests */,
				045D31642763511500E9F1B0 /* Products */,
				74B2DFAE9ECC9C985F5E6AB7 /* Pods */,
				88DA935D52C30524DD761506 /* Frameworks */,
			);
			sourceTree = "<group>";
		};
		045D31642763511500E9F1B0 /* Products */ = {
			isa = PBXGroup;
			children = (
				045D31632763511500E9F1B0 /* SocialApp.app */,
				0477552227BB7B1F007A2F5E /* SocialAppTests.xctest */,
			);
			name = Products;
			sourceTree = "<group>";
		};
		045D31652763511500E9F1B0 /* SocialApp */ = {
			isa = PBXGroup;
			children = (
				049F86F82775F0E200117BDE /* SocialAppDebug.entitlements */,
				049F86F72775EB7100117BDE /* SocialAppRelease.entitlements */,
				04235F4C277D974100F22F17 /* NewDX */,
				0438859F2771CDCF007B5C8C /* ThirdParty */,
				045D31812763545900E9F1B0 /* Delegate */,
				04AB85502763587500416697 /* StoryBoardView */,
				045D31832763552700E9F1B0 /* Controller */,
				046839462799868B009F5EB0 /* ChatBubble.swift */,
				046839452799868A009F5EB0 /* ChatBubbleData.swift */,
				045D3185276355B900E9F1B0 /* Assets */,
				045D31772763511800E9F1B0 /* Info.plist */,
				3774C0E62A3858F900070036 /* GoogleService-Info.plist */,
				04378B132771DC66004F674F /* SocialApp.xcdatamodeld */,
				04842990277357A400A3D4FD /* AppModel.swift */,
			);
			path = SocialApp;
			sourceTree = "<group>";
		};
		045D317F2763542200E9F1B0 /* Login */ = {
			isa = PBXGroup;
			children = (
				044D90CF27746A24006821E0 /* SpleshVC.swift */,
				04B0968D2769E46B00BDC3FA /* LoginVC.swift */,
				04B0968F2769E60600BDC3FA /* PhoneNumberVC.swift */,
				04B096912769E64800BDC3FA /* VerifyPhoneOTPVC.swift */,
				04B096952769E6C900BDC3FA /* EnableLocationVC.swift */,
				04B096972769F0AB00BDC3FA /* CreateProfileVC.swift */,
				04D4986F277DECD600645EAE /* BlockedUsersVC.swift */,
			);
			path = Login;
			sourceTree = "<group>";
		};
		045D31802763543D00E9F1B0 /* Home */ = {
			isa = PBXGroup;
			children = (
				044EADCD285311E30023568B /* GoLive */,
				045A1E132848E33A003B6262 /* VideoCall */,
				046647542797E656007EF713 /* Payment */,
				045E135F276B49DA0071C2FD /* Settings */,
				044AF5462769B091008D26C5 /* filterVC.swift */,
				04B096992769F73F00BDC3FA /* HomeTabBarVC.swift */,
				04B0969B276A043900BDC3FA /* HomeVC.swift */,
				04B0969D276A045800BDC3FA /* NotificationVC.swift */,
				04B0969F276A049100BDC3FA /* LikesVC.swift */,
				043AD33B27798FD100DE2349 /* NewHomeVC.swift */,
				043AD33D2779927900DE2349 /* CardView.swift */,
				04D08C4E2788474400223CEF /* LikeYourProfileVC.swift */,
				048849B32791597300043BFC /* NotificationUserDetailVC.swift */,
			);
			path = Home;
			sourceTree = "<group>";
		};
		045D31812763545900E9F1B0 /* Delegate */ = {
			isa = PBXGroup;
			children = (
				045D31662763511500E9F1B0 /* AppDelegate.swift */,
				045D31682763511500E9F1B0 /* SceneDelegate.swift */,
				045D316A2763511500E9F1B0 /* ViewController.swift */,
			);
			path = Delegate;
			sourceTree = "<group>";
		};
		045D31832763552700E9F1B0 /* Controller */ = {
			isa = PBXGroup;
			children = (
				6BEE0E4C2A4B01DE005968A9 /* Model */,
				37F2379729F0FDFB00FC9771 /* CommonVc */,
				044AF5482769BCF8008D26C5 /* Cell */,
				045D317F2763542200E9F1B0 /* Login */,
				045D31802763543D00E9F1B0 /* Home */,
			);
			path = Controller;
			sourceTree = "<group>";
		};
		045D3185276355B900E9F1B0 /* Assets */ = {
			isa = PBXGroup;
			children = (
				045D31722763511800E9F1B0 /* Assets.xcassets */,
				88AD7FDC2925FE2F008FF9C9 /* Colors.xcassets */,
				887087F7291D166F00B63C81 /* progress.gif */,
				044E8A19299A3ACF00328246 /* NewTestingSub.storekit */,
			);
			path = Assets;
			sourceTree = "<group>";
		};
		045E135F276B49DA0071C2FD /* Settings */ = {
			isa = PBXGroup;
			children = (
				0403D66C28643F0E008715A7 /* ProfileVC */,
				045E1360276B4A070071C2FD /* SettingsVC.swift */,
				0415D44E276C7395003D3C51 /* BasicInfoVC.swift */,
				0415D450276C73D1003D3C51 /* AccountVC.swift */,
				0415D452276C7407003D3C51 /* DobVC.swift */,
				049269DE277C542D00676642 /* ProfileLikeVC.swift */,
				04D4986D277DDB7A00645EAE /* InboxSettingChatVC.swift */,
				0458795A2788746A003C74B0 /* ChatVC.swift */,
				0471C59828607B9100AA3434 /* NearProfileVC.swift */,
				3774C0E82A38772F00070036 /* HelpCenterVC.swift */,
			);
			path = Settings;
			sourceTree = "<group>";
		};
		046647542797E656007EF713 /* Payment */ = {
			isa = PBXGroup;
			children = (
				188EC8612897FA3100EF99BB /* IAPHandler.swift */,
				046647552797E67D007EF713 /* SelectPlaneVC.swift */,
				046647572797F3B8007EF713 /* ScreenBoostVC.swift */,
				046647592797F6F7007EF713 /* CheckOutVC.swift */,
				0466475B2798075A007EF713 /* CardDetailVC.swift */,
				044E8A1B299A442800328246 /* NitIAPHandler.swift */,
			);
			path = Payment;
			sourceTree = "<group>";
		};
		0477552327BB7B1F007A2F5E /* SocialAppTests */ = {
			isa = PBXGroup;
			children = (
				0477552427BB7B1F007A2F5E /* SocialAppTests.swift */,
			);
			path = SocialAppTests;
			sourceTree = "<group>";
		};
		04AB85502763587500416697 /* StoryBoardView */ = {
			isa = PBXGroup;
			children = (
				045D316C2763511500E9F1B0 /* Main.storyboard */,
				045D31742763511800E9F1B0 /* LaunchScreen.storyboard */,
				049F87012775F5BA00117BDE /* SwipeUser.swift */,
				049F87052775F79100117BDE /* SwipeUser.xib */,
				37F2379529F0FCBD00FC9771 /* SecondaryBoard.storyboard */,
			);
			path = StoryBoardView;
			sourceTree = "<group>";
		};
		18575A422899447D00CDD2E5 /* LiveBroadCastVC */ = {
			isa = PBXGroup;
			children = (
				18575A6A289948FC00CDD2E5 /* Models */,
				18575A5F289948CA00CDD2E5 /* AGEVideo */,
				18575A432899453700CDD2E5 /* LiveRoomViewController.swift */,
				18575A452899453700CDD2E5 /* MainViewController.swift */,
				18575A462899453700CDD2E5 /* SettingsViewController.swift */,
			);
			path = LiveBroadCastVC;
			sourceTree = "<group>";
		};
		18575A5F289948CA00CDD2E5 /* AGEVideo */ = {
			isa = PBXGroup;
			children = (
				18575A61289948E200CDD2E5 /* AGEEventsObserver.swift */,
				18575A62289948E200CDD2E5 /* AGEVideoConstraints.swift */,
				18575A60289948E200CDD2E5 /* AGEVideoContainer.swift */,
				18575A63289948E200CDD2E5 /* AGEVideoLayout.swift */,
				18575A64289948E200CDD2E5 /* AGEView.swift */,
			);
			path = AGEVideo;
			sourceTree = "<group>";
		};
		18575A6A289948FC00CDD2E5 /* Models */ = {
			isa = PBXGroup;
			children = (
				18575A522899475200CDD2E5 /* AgoraExtension.swift */,
				18575A4F2899474F00CDD2E5 /* FileCenter.swift */,
				18575A442899453700CDD2E5 /* Settings.swift */,
				18575A512899475100CDD2E5 /* StatisticsInfo.swift */,
				18575A572899476B00CDD2E5 /* DimensionCell.swift */,
				18575A582899476B00CDD2E5 /* VideoSession.swift */,
				18575A592899476C00CDD2E5 /* VideoView.swift */,
			);
			path = Models;
			sourceTree = "<group>";
		};
		37F2379729F0FDFB00FC9771 /* CommonVc */ = {
			isa = PBXGroup;
			children = (
				37F2379829F0FE1E00FC9771 /* webViewController.swift */,
			);
			path = CommonVc;
			sourceTree = "<group>";
		};
		6BEE0E4C2A4B01DE005968A9 /* Model */ = {
			isa = PBXGroup;
			children = (
				6BEE0E4D2A4B020C005968A9 /* userBlockList.swift */,
			);
			path = Model;
			sourceTree = "<group>";
		};
		74B2DFAE9ECC9C985F5E6AB7 /* Pods */ = {
			isa = PBXGroup;
			children = (
				5FD2FC8F5DF6EAFA2A13A39D /* Pods-SocialApp.debug.xcconfig */,
				F7F2CE436902A8B9FB72A370 /* Pods-SocialApp.release.xcconfig */,
			);
			path = Pods;
			sourceTree = "<group>";
		};
		88DA935D52C30524DD761506 /* Frameworks */ = {
			isa = PBXGroup;
			children = (
				047DE839296EB7BA005BA09B /* StoreKit.framework */,
				90902AE3F8BD6ED9AE2A5B05 /* Pods_SocialApp.framework */,
			);
			name = Frameworks;
			sourceTree = "<group>";
		};
/* End PBXGroup section */

/* Begin PBXNativeTarget section */
		045D31622763511500E9F1B0 /* SocialApp */ = {
			isa = PBXNativeTarget;
			buildConfigurationList = 045D317A2763511800E9F1B0 /* Build configuration list for PBXNativeTarget "SocialApp" */;
			buildPhases = (
				B15F10CC9A8E757F1214FA73 /* [CP] Check Pods Manifest.lock */,
				045D315F2763511500E9F1B0 /* Sources */,
				045D31602763511500E9F1B0 /* Frameworks */,
				045D31612763511500E9F1B0 /* Resources */,
				4F5E38A6D9515DE76B8E3C6F /* [CP] Embed Pods Frameworks */,
				F60119D46D20859B67B4C640 /* [CP] Copy Pods Resources */,
			);
			buildRules = (
			);
			dependencies = (
			);
			name = SocialApp;
			productName = SocialApp;
			productReference = 045D31632763511500E9F1B0 /* SocialApp.app */;
			productType = "com.apple.product-type.application";
		};
		0477552127BB7B1F007A2F5E /* SocialAppTests */ = {
			isa = PBXNativeTarget;
			buildConfigurationList = 0477552A27BB7B1F007A2F5E /* Build configuration list for PBXNativeTarget "SocialAppTests" */;
			buildPhases = (
				0477551E27BB7B1F007A2F5E /* Sources */,
				0477551F27BB7B1F007A2F5E /* Frameworks */,
				0477552027BB7B1F007A2F5E /* Resources */,
			);
			buildRules = (
			);
			dependencies = (
				0477552727BB7B1F007A2F5E /* PBXTargetDependency */,
			);
			name = SocialAppTests;
			productName = SocialAppTests;
			productReference = 0477552227BB7B1F007A2F5E /* SocialAppTests.xctest */;
			productType = "com.apple.product-type.bundle.unit-test";
		};
/* End PBXNativeTarget section */

/* Begin PBXProject section */
		045D315B2763511500E9F1B0 /* Project object */ = {
			isa = PBXProject;
			attributes = {
				BuildIndependentTargetsInParallel = 1;
				LastSwiftUpdateCheck = 1310;
				LastUpgradeCheck = 1320;
				TargetAttributes = {
					045D31622763511500E9F1B0 = {
						CreatedOnToolsVersion = 13.1;
					};
					0477552127BB7B1F007A2F5E = {
						CreatedOnToolsVersion = 13.1;
						TestTargetID = 045D31622763511500E9F1B0;
					};
				};
			};
			buildConfigurationList = 045D315E2763511500E9F1B0 /* Build configuration list for PBXProject "SocialApp" */;
			compatibilityVersion = "Xcode 13.0";
			developmentRegion = en;
			hasScannedForEncodings = 0;
			knownRegions = (
				en,
				Base,
			);
			mainGroup = 045D315A2763511500E9F1B0;
			productRefGroup = 045D31642763511500E9F1B0 /* Products */;
			projectDirPath = "";
			projectRoot = "";
			targets = (
				045D31622763511500E9F1B0 /* SocialApp */,
				0477552127BB7B1F007A2F5E /* SocialAppTests */,
			);
		};
/* End PBXProject section */

/* Begin PBXResourcesBuildPhase section */
		045D31612763511500E9F1B0 /* Resources */ = {
			isa = PBXResourcesBuildPhase;
			buildActionMask = 2147483647;
			files = (
				88AD7FDD2925FE2F008FF9C9 /* Colors.xcassets in Resources */,
				049F87062775F79100117BDE /* SwipeUser.xib in Resources */,
				045D31762763511800E9F1B0 /* LaunchScreen.storyboard in Resources */,
				045D31732763511800E9F1B0 /* Assets.xcassets in Resources */,
				6BEE0E522A4B0CCF005968A9 /* userTableViewCell.xib in Resources */,
				887087F8291D168000B63C81 /* progress.gif in Resources */,
				045D316E2763511500E9F1B0 /* Main.storyboard in Resources */,
				043A3627286490DD00F20065 /* ProfileCell.xib in Resources */,
				044E8A1A299A3ACF00328246 /* NewTestingSub.storekit in Resources */,
				37F2379629F0FCBD00FC9771 /* SecondaryBoard.storyboard in Resources */,
				3774C0E72A3858F900070036 /* GoogleService-Info.plist in Resources */,
				0403D67128647639008715A7 /* CustomPassCell.xib in Resources */,
			);
			runOnlyForDeploymentPostprocessing = 0;
		};
		0477552027BB7B1F007A2F5E /* Resources */ = {
			isa = PBXResourcesBuildPhase;
			buildActionMask = 2147483647;
			files = (
			);
			runOnlyForDeploymentPostprocessing = 0;
		};
/* End PBXResourcesBuildPhase section */

/* Begin PBXShellScriptBuildPhase section */
		4F5E38A6D9515DE76B8E3C6F /* [CP] Embed Pods Frameworks */ = {
			isa = PBXShellScriptBuildPhase;
			buildActionMask = 2147483647;
			files = (
			);
			inputFileListPaths = (
				"${PODS_ROOT}/Target Support Files/Pods-SocialApp/Pods-SocialApp-frameworks-${CONFIGURATION}-input-files.xcfilelist",
			);
			name = "[CP] Embed Pods Frameworks";
			outputFileListPaths = (
				"${PODS_ROOT}/Target Support Files/Pods-SocialApp/Pods-SocialApp-frameworks-${CONFIGURATION}-output-files.xcfilelist",
			);
			runOnlyForDeploymentPostprocessing = 0;
			shellPath = /bin/sh;
			shellScript = "\"${PODS_ROOT}/Target Support Files/Pods-SocialApp/Pods-SocialApp-frameworks.sh\"\n";
			showEnvVarsInLog = 0;
		};
		B15F10CC9A8E757F1214FA73 /* [CP] Check Pods Manifest.lock */ = {
			isa = PBXShellScriptBuildPhase;
			buildActionMask = 2147483647;
			files = (
			);
			inputFileListPaths = (
			);
			inputPaths = (
				"${PODS_PODFILE_DIR_PATH}/Podfile.lock",
				"${PODS_ROOT}/Manifest.lock",
			);
			name = "[CP] Check Pods Manifest.lock";
			outputFileListPaths = (
			);
			outputPaths = (
				"$(DERIVED_FILE_DIR)/Pods-SocialApp-checkManifestLockResult.txt",
			);
			runOnlyForDeploymentPostprocessing = 0;
			shellPath = /bin/sh;
			shellScript = "diff \"${PODS_PODFILE_DIR_PATH}/Podfile.lock\" \"${PODS_ROOT}/Manifest.lock\" > /dev/null\nif [ $? != 0 ] ; then\n    # print error to STDERR\n    echo \"error: The sandbox is not in sync with the Podfile.lock. Run 'pod install' or update your CocoaPods installation.\" >&2\n    exit 1\nfi\n# This output is used by Xcode 'outputs' to avoid re-running this script phase.\necho \"SUCCESS\" > \"${SCRIPT_OUTPUT_FILE_0}\"\n";
			showEnvVarsInLog = 0;
		};
		F60119D46D20859B67B4C640 /* [CP] Copy Pods Resources */ = {
			isa = PBXShellScriptBuildPhase;
			buildActionMask = 2147483647;
			files = (
			);
			inputFileListPaths = (
				"${PODS_ROOT}/Target Support Files/Pods-SocialApp/Pods-SocialApp-resources-${CONFIGURATION}-input-files.xcfilelist",
			);
			name = "[CP] Copy Pods Resources";
			outputFileListPaths = (
				"${PODS_ROOT}/Target Support Files/Pods-SocialApp/Pods-SocialApp-resources-${CONFIGURATION}-output-files.xcfilelist",
			);
			runOnlyForDeploymentPostprocessing = 0;
			shellPath = /bin/sh;
			shellScript = "\"${PODS_ROOT}/Target Support Files/Pods-SocialApp/Pods-SocialApp-resources.sh\"\n";
			showEnvVarsInLog = 0;
		};
/* End PBXShellScriptBuildPhase section */

/* Begin PBXSourcesBuildPhase section */
		045D315F2763511500E9F1B0 /* Sources */ = {
			isa = PBXSourcesBuildPhase;
			buildActionMask = 2147483647;
			files = (
				0403D67028647639008715A7 /* CustomPassCell.swift in Sources */,
				04DA648327870D9A00F083B2 /* RangeSlider.swift in Sources */,
				04D08C4F2788474400223CEF /* LikeYourProfileVC.swift in Sources */,
				04D08C4D2788445000223CEF /* UILabelX.swift in Sources */,
				0415D451276C73D1003D3C51 /* AccountVC.swift in Sources */,
				0471C59928607B9100AA3434 /* NearProfileVC.swift in Sources */,
				04B096962769E6C900BDC3FA /* EnableLocationVC.swift in Sources */,
				18575A4A2899453800CDD2E5 /* SettingsViewController.swift in Sources */,
				0415D44F276C7395003D3C51 /* BasicInfoVC.swift in Sources */,
				04235F4B277D967D00F22F17 /* UISliderX.swift in Sources */,
				04B0969E276A045800BDC3FA /* NotificationVC.swift in Sources */,
				04235F46277D967D00F22F17 /* UIImageViewX.swift in Sources */,
				04B0969C276A043A00BDC3FA /* HomeVC.swift in Sources */,
				046647582797F3B8007EF713 /* ScreenBoostVC.swift in Sources */,
				04235F45277D967D00F22F17 /* CurvedHeaderGradient.swift in Sources */,
				043AD33E2779927900DE2349 /* CardView.swift in Sources */,
				04A1B84328771B2700D3ED60 /* VoiceChatViewController.swift in Sources */,
				044D90D027746A24006821E0 /* SpleshVC.swift in Sources */,
				044EADCF2853128A0023568B /* GoLiveVC.swift in Sources */,
				049269DF277C542D00676642 /* ProfileLikeVC.swift in Sources */,
				044AF5472769B091008D26C5 /* filterVC.swift in Sources */,
				18575A66289948E200CDD2E5 /* AGEEventsObserver.swift in Sources */,
				046839482799868B009F5EB0 /* ChatBubble.swift in Sources */,
				18575A67289948E200CDD2E5 /* AGEVideoConstraints.swift in Sources */,
				045A1E1E2848E33A003B6262 /* VideoChatViewController.swift in Sources */,
				043A3629286490E500F20065 /* ProfileCell.swift in Sources */,
				18575A65289948E200CDD2E5 /* AGEVideoContainer.swift in Sources */,
				04235F40277D967D00F22F17 /* UITextFieldX.swift in Sources */,
				048849B42791597300043BFC /* NotificationUserDetailVC.swift in Sources */,
				04378B152771DC66004F674F /* SocialApp.xcdatamodeld in Sources */,
				18575A562899475200CDD2E5 /* AgoraExtension.swift in Sources */,
				045D316B2763511500E9F1B0 /* ViewController.swift in Sources */,
				043885AF2771CEAE007B5C8C /* LocationManager.swift in Sources */,
				043AD33C27798FD100DE2349 /* NewHomeVC.swift in Sources */,
				18575A532899475200CDD2E5 /* FileCenter.swift in Sources */,
				045D31672763511500E9F1B0 /* AppDelegate.swift in Sources */,
				043885AB2771CEAE007B5C8C /* SwiftyUserDefaults.swift in Sources */,
				044AF54C2769BD39008D26C5 /* CollectionViewCell.swift in Sources */,
				3774C0E92A38772F00070036 /* HelpCenterVC.swift in Sources */,
				18DC52E528C6251B005A2B14 /* UIImage+Gif.swift in Sources */,
				04235F47277D967D00F22F17 /* CurvedHeader.swift in Sources */,
				0466475A2797F6F7007EF713 /* CheckOutVC.swift in Sources */,
				0458795B2788746A003C74B0 /* ChatVC.swift in Sources */,
				04B0969A2769F73F00BDC3FA /* HomeTabBarVC.swift in Sources */,
				043885AC2771CEAE007B5C8C /* UITapGesture.swift in Sources */,
				0415D453276C7407003D3C51 /* DobVC.swift in Sources */,
				049F87032775F5BA00117BDE /* SwipeUser.swift in Sources */,
				18575A472899453800CDD2E5 /* LiveRoomViewController.swift in Sources */,
				18575A5C2899476C00CDD2E5 /* VideoView.swift in Sources */,
				044E8A1C299A442800328246 /* NitIAPHandler.swift in Sources */,
				0403D66B28643EEE008715A7 /* ProfileStepVC.swift in Sources */,
				04B0968E2769E46B00BDC3FA /* LoginVC.swift in Sources */,
				6BEE0E4E2A4B020C005968A9 /* userBlockList.swift in Sources */,
				04235F3F277D967D00F22F17 /* MyExtensions.swift in Sources */,
				043AF6142879825E00B196CC /* ReceiveCallVC.swift in Sources */,
				04B096A0276A049100BDC3FA /* LikesVC.swift in Sources */,
				0415D44D276C5AAF003D3C51 /* EditProfileVC.swift in Sources */,
				0415D455276C7472003D3C51 /* AppearanceVC.swift in Sources */,
				04235F48277D967D00F22F17 /* MJMaterialSwitch.swift in Sources */,
				04B096982769F0AB00BDC3FA /* CreateProfileVC.swift in Sources */,
				046647562797E67D007EF713 /* SelectPlaneVC.swift in Sources */,
				04246553277F17BD00585337 /* UIViewX.swift in Sources */,
				18DC52E328C624BA005A2B14 /* Utility.swift in Sources */,
				18575A492899453800CDD2E5 /* MainViewController.swift in Sources */,
				04B096A2276A050800BDC3FA /* MyProfileVC.swift in Sources */,
				18575A5A2899476C00CDD2E5 /* DimensionCell.swift in Sources */,
				04D4986E277DDB7A00645EAE /* InboxSettingChatVC.swift in Sources */,
				04235F3C277D967D00F22F17 /* UIVisualEffectViewX.swift in Sources */,
				043885A92771CEAD007B5C8C /* Constant.swift in Sources */,
				046839472799868B009F5EB0 /* ChatBubbleData.swift in Sources */,
				18575A69289948E200CDD2E5 /* AGEView.swift in Sources */,
				04235F4A277D967D00F22F17 /* UIViewAnchorPoint.swift in Sources */,
				043885AA2771CEAE007B5C8C /* PDUserDefaults.swift in Sources */,
				18575A5B2899476C00CDD2E5 /* VideoSession.swift in Sources */,
				043885AE2771CEAE007B5C8C /* AppUrl.swift in Sources */,
				043885B02771CEAE007B5C8C /* Utils.swift in Sources */,
				18575A68289948E200CDD2E5 /* AGEVideoLayout.swift in Sources */,
				045A1E1C2848E33A003B6262 /* AppID.swift in Sources */,
				6BEE0E512A4B0CCF005968A9 /* userTableViewCell.swift in Sources */,
				1861B17028952DB900A11549 /* CircularProgressBar.swift in Sources */,
				04E2DC2C276B6A1000CE6A9E /* BloodGroupVC.swift in Sources */,
				04235F3E277D967D00F22F17 /* LoadGIF.swift in Sources */,
				04842991277357A400A3D4FD /* AppModel.swift in Sources */,
				044AF54A2769BD24008D26C5 /* TableViewCell.swift in Sources */,
				04235F44277D967D00F22F17 /* UIViewXRadialGradient.swift in Sources */,
				04B096902769E60600BDC3FA /* PhoneNumberVC.swift in Sources */,
				0466475C2798075A007EF713 /* CardDetailVC.swift in Sources */,
				18575A552899475200CDD2E5 /* StatisticsInfo.swift in Sources */,
				045D31692763511500E9F1B0 /* SceneDelegate.swift in Sources */,
				04235F41277D967D00F22F17 /* UIViewControllerX.swift in Sources */,
				04235F3D277D967D00F22F17 /* UIButtonX.swift in Sources */,
				04B096922769E64800BDC3FA /* VerifyPhoneOTPVC.swift in Sources */,
				04D49870277DECD600645EAE /* BlockedUsersVC.swift in Sources */,
				18575A482899453800CDD2E5 /* Settings.swift in Sources */,
				04E3959F27847A19009A71AB /* UIRadioWaveAnimationView.swift in Sources */,
				37F2379929F0FE1E00FC9771 /* webViewController.swift in Sources */,
				045E1361276B4A070071C2FD /* SettingsVC.swift in Sources */,
				188EC8622897FA3100EF99BB /* IAPHandler.swift in Sources */,
				04235F49277D967D00F22F17 /* FloatRatingView.swift in Sources */,
				888C8B2B2924F7D10027719C /* CardView1.swift in Sources */,
				043885AD2771CEAE007B5C8C /* BaseViewController.swift in Sources */,
			);
			runOnlyForDeploymentPostprocessing = 0;
		};
		0477551E27BB7B1F007A2F5E /* Sources */ = {
			isa = PBXSourcesBuildPhase;
			buildActionMask = 2147483647;
			files = (
				045A1E1F2848E33A003B6262 /* VideoChatViewController.swift in Sources */,
				045A1E1D2848E33A003B6262 /* AppID.swift in Sources */,
				0477552527BB7B1F007A2F5E /* SocialAppTests.swift in Sources */,
			);
			runOnlyForDeploymentPostprocessing = 0;
		};
/* End PBXSourcesBuildPhase section */

/* Begin PBXTargetDependency section */
		0477552727BB7B1F007A2F5E /* PBXTargetDependency */ = {
			isa = PBXTargetDependency;
			target = 045D31622763511500E9F1B0 /* SocialApp */;
			targetProxy = 0477552627BB7B1F007A2F5E /* PBXContainerItemProxy */;
		};
/* End PBXTargetDependency section */

/* Begin PBXVariantGroup section */
		045D316C2763511500E9F1B0 /* Main.storyboard */ = {
			isa = PBXVariantGroup;
			children = (
				045D316D2763511500E9F1B0 /* Base */,
			);
			name = Main.storyboard;
			sourceTree = "<group>";
		};
		045D31742763511800E9F1B0 /* LaunchScreen.storyboard */ = {
			isa = PBXVariantGroup;
			children = (
				045D31752763511800E9F1B0 /* Base */,
			);
			name = LaunchScreen.storyboard;
			sourceTree = "<group>";
		};
/* End PBXVariantGroup section */

/* Begin XCBuildConfiguration section */
		045D31782763511800E9F1B0 /* Debug */ = {
			isa = XCBuildConfiguration;
			buildSettings = {
				ALWAYS_SEARCH_USER_PATHS = NO;
				CLANG_ANALYZER_LOCALIZABILITY_NONLOCALIZED = YES;
				CLANG_ANALYZER_NONNULL = YES;
				CLANG_ANALYZER_NUMBER_OBJECT_CONVERSION = YES_AGGRESSIVE;
				CLANG_CXX_LANGUAGE_STANDARD = "gnu++17";
				CLANG_CXX_LIBRARY = "libc++";
				CLANG_ENABLE_MODULES = YES;
				CLANG_ENABLE_OBJC_ARC = YES;
				CLANG_ENABLE_OBJC_WEAK = YES;
				CLANG_WARN_BLOCK_CAPTURE_AUTORELEASING = YES;
				CLANG_WARN_BOOL_CONVERSION = YES;
				CLANG_WARN_COMMA = YES;
				CLANG_WARN_CONSTANT_CONVERSION = YES;
				CLANG_WARN_DEPRECATED_OBJC_IMPLEMENTATIONS = YES;
				CLANG_WARN_DIRECT_OBJC_ISA_USAGE = YES_ERROR;
				CLANG_WARN_DOCUMENTATION_COMMENTS = YES;
				CLANG_WARN_EMPTY_BODY = YES;
				CLANG_WARN_ENUM_CONVERSION = YES;
				CLANG_WARN_INFINITE_RECURSION = YES;
				CLANG_WARN_INT_CONVERSION = YES;
				CLANG_WARN_NON_LITERAL_NULL_CONVERSION = YES;
				CLANG_WARN_OBJC_IMPLICIT_RETAIN_SELF = YES;
				CLANG_WARN_OBJC_LITERAL_CONVERSION = YES;
				CLANG_WARN_OBJC_ROOT_CLASS = YES_ERROR;
				CLANG_WARN_QUOTED_INCLUDE_IN_FRAMEWORK_HEADER = YES;
				CLANG_WARN_RANGE_LOOP_ANALYSIS = YES;
				CLANG_WARN_STRICT_PROTOTYPES = YES;
				CLANG_WARN_SUSPICIOUS_MOVE = YES;
				CLANG_WARN_UNGUARDED_AVAILABILITY = YES_AGGRESSIVE;
				CLANG_WARN_UNREACHABLE_CODE = YES;
				CLANG_WARN__DUPLICATE_METHOD_MATCH = YES;
				COPY_PHASE_STRIP = NO;
				DEBUG_INFORMATION_FORMAT = dwarf;
				ENABLE_STRICT_OBJC_MSGSEND = YES;
				ENABLE_TESTABILITY = YES;
				GCC_C_LANGUAGE_STANDARD = gnu11;
				GCC_DYNAMIC_NO_PIC = NO;
				GCC_NO_COMMON_BLOCKS = YES;
				GCC_OPTIMIZATION_LEVEL = 0;
				GCC_PREPROCESSOR_DEFINITIONS = (
					"DEBUG=1",
					"$(inherited)",
				);
				GCC_WARN_64_TO_32_BIT_CONVERSION = YES;
				GCC_WARN_ABOUT_RETURN_TYPE = YES_ERROR;
				GCC_WARN_UNDECLARED_SELECTOR = YES;
				GCC_WARN_UNINITIALIZED_AUTOS = YES_AGGRESSIVE;
				GCC_WARN_UNUSED_FUNCTION = YES;
				GCC_WARN_UNUSED_VARIABLE = YES;
				IPHONEOS_DEPLOYMENT_TARGET = 12.0;
				MTL_ENABLE_DEBUG_INFO = INCLUDE_SOURCE;
				MTL_FAST_MATH = YES;
				ONLY_ACTIVE_ARCH = YES;
				SDKROOT = iphoneos;
				SWIFT_ACTIVE_COMPILATION_CONDITIONS = DEBUG;
				SWIFT_OPTIMIZATION_LEVEL = "-Onone";
			};
			name = Debug;
		};
		045D31792763511800E9F1B0 /* Release */ = {
			isa = XCBuildConfiguration;
			buildSettings = {
				ALWAYS_SEARCH_USER_PATHS = NO;
				CLANG_ANALYZER_LOCALIZABILITY_NONLOCALIZED = YES;
				CLANG_ANALYZER_NONNULL = YES;
				CLANG_ANALYZER_NUMBER_OBJECT_CONVERSION = YES_AGGRESSIVE;
				CLANG_CXX_LANGUAGE_STANDARD = "gnu++17";
				CLANG_CXX_LIBRARY = "libc++";
				CLANG_ENABLE_MODULES = YES;
				CLANG_ENABLE_OBJC_ARC = YES;
				CLANG_ENABLE_OBJC_WEAK = YES;
				CLANG_WARN_BLOCK_CAPTURE_AUTORELEASING = YES;
				CLANG_WARN_BOOL_CONVERSION = YES;
				CLANG_WARN_COMMA = YES;
				CLANG_WARN_CONSTANT_CONVERSION = YES;
				CLANG_WARN_DEPRECATED_OBJC_IMPLEMENTATIONS = YES;
				CLANG_WARN_DIRECT_OBJC_ISA_USAGE = YES_ERROR;
				CLANG_WARN_DOCUMENTATION_COMMENTS = YES;
				CLANG_WARN_EMPTY_BODY = YES;
				CLANG_WARN_ENUM_CONVERSION = YES;
				CLANG_WARN_INFINITE_RECURSION = YES;
				CLANG_WARN_INT_CONVERSION = YES;
				CLANG_WARN_NON_LITERAL_NULL_CONVERSION = YES;
				CLANG_WARN_OBJC_IMPLICIT_RETAIN_SELF = YES;
				CLANG_WARN_OBJC_LITERAL_CONVERSION = YES;
				CLANG_WARN_OBJC_ROOT_CLASS = YES_ERROR;
				CLANG_WARN_QUOTED_INCLUDE_IN_FRAMEWORK_HEADER = YES;
				CLANG_WARN_RANGE_LOOP_ANALYSIS = YES;
				CLANG_WARN_STRICT_PROTOTYPES = YES;
				CLANG_WARN_SUSPICIOUS_MOVE = YES;
				CLANG_WARN_UNGUARDED_AVAILABILITY = YES_AGGRESSIVE;
				CLANG_WARN_UNREACHABLE_CODE = YES;
				CLANG_WARN__DUPLICATE_METHOD_MATCH = YES;
				COPY_PHASE_STRIP = NO;
				DEBUG_INFORMATION_FORMAT = "dwarf-with-dsym";
				ENABLE_NS_ASSERTIONS = NO;
				ENABLE_STRICT_OBJC_MSGSEND = YES;
				GCC_C_LANGUAGE_STANDARD = gnu11;
				GCC_NO_COMMON_BLOCKS = YES;
				GCC_WARN_64_TO_32_BIT_CONVERSION = YES;
				GCC_WARN_ABOUT_RETURN_TYPE = YES_ERROR;
				GCC_WARN_UNDECLARED_SELECTOR = YES;
				GCC_WARN_UNINITIALIZED_AUTOS = YES_AGGRESSIVE;
				GCC_WARN_UNUSED_FUNCTION = YES;
				GCC_WARN_UNUSED_VARIABLE = YES;
				IPHONEOS_DEPLOYMENT_TARGET = 12.0;
				MTL_ENABLE_DEBUG_INFO = NO;
				MTL_FAST_MATH = YES;
				SDKROOT = iphoneos;
				SWIFT_COMPILATION_MODE = wholemodule;
				SWIFT_OPTIMIZATION_LEVEL = "-O";
				VALIDATE_PRODUCT = YES;
			};
			name = Release;
		};
		045D317B2763511800E9F1B0 /* Debug */ = {
			isa = XCBuildConfiguration;
			baseConfigurationReference = 5FD2FC8F5DF6EAFA2A13A39D /* Pods-SocialApp.debug.xcconfig */;
			buildSettings = {
				ASSETCATALOG_COMPILER_APPICON_NAME = AppIcon;
				ASSETCATALOG_COMPILER_GLOBAL_ACCENT_COLOR_NAME = AccentColor;
				CODE_SIGN_ENTITLEMENTS = SocialApp/SocialAppDebug.entitlements;
				CODE_SIGN_IDENTITY = "Apple Development";
				CODE_SIGN_STYLE = Automatic;
				CURRENT_PROJECT_VERSION = 1.1;
				DEVELOPMENT_TEAM = XYNZB3446A;
				GENERATE_INFOPLIST_FILE = YES;
				INFOPLIST_FILE = SocialApp/Info.plist;
				INFOPLIST_KEY_CFBundleDisplayName = Datque;
				INFOPLIST_KEY_NSCameraUsageDescription = "Keykey would like to access your camera for uploading profile picture, videos and for video calling";
				INFOPLIST_KEY_NSLocationAlwaysAndWhenInUseUsageDescription = "App access location to provide nearby users";
				INFOPLIST_KEY_NSLocationAlwaysUsageDescription = "App access location to provide nearby users";
				INFOPLIST_KEY_NSLocationUsageDescription = "App access location to provide nearby users";
				INFOPLIST_KEY_NSLocationWhenInUseUsageDescription = "key key request you to enable your location in order to communicate with your nearby users";
				INFOPLIST_KEY_NSMicrophoneUsageDescription = "Need microphone access for audio and video call";
				INFOPLIST_KEY_NSPhotoLibraryUsageDescription = "KeyKey would like to access your photo library for uploading profile pictures and videos";
				INFOPLIST_KEY_UIApplicationSupportsIndirectInputEvents = YES;
				INFOPLIST_KEY_UILaunchStoryboardName = LaunchScreen;
				INFOPLIST_KEY_UIMainStoryboardFile = Main;
				INFOPLIST_KEY_UISupportedInterfaceOrientations = UIInterfaceOrientationPortrait;
				INFOPLIST_KEY_UISupportedInterfaceOrientations_iPad = "UIInterfaceOrientationPortrait UIInterfaceOrientationPortraitUpsideDown UIInterfaceOrientationLandscapeLeft UIInterfaceOrientationLandscapeRight";
				INFOPLIST_KEY_UISupportedInterfaceOrientations_iPhone = "UIInterfaceOrientationPortrait UIInterfaceOrientationLandscapeLeft UIInterfaceOrientationLandscapeRight";
				INFOPLIST_KEY_UIUserInterfaceStyle = Light;
				IPHONEOS_DEPLOYMENT_TARGET = 14.0;
				LD_RUNPATH_SEARCH_PATHS = (
					"$(inherited)",
					"@executable_path/Frameworks",
				);
				MARKETING_VERSION = 3.1.11;
				PRODUCT_BUNDLE_IDENTIFIER = app.xomap.Datque;
				PRODUCT_NAME = "$(TARGET_NAME)";
				PROVISIONING_PROFILE_SPECIFIER = "";
				SWIFT_EMIT_LOC_STRINGS = YES;
				SWIFT_VERSION = 5.0;
				TARGETED_DEVICE_FAMILY = 1;
			};
			name = Debug;
		};
		045D317C2763511800E9F1B0 /* Release */ = {
			isa = XCBuildConfiguration;
			baseConfigurationReference = F7F2CE436902A8B9FB72A370 /* Pods-SocialApp.release.xcconfig */;
			buildSettings = {
				ASSETCATALOG_COMPILER_APPICON_NAME = AppIcon;
				ASSETCATALOG_COMPILER_GLOBAL_ACCENT_COLOR_NAME = AccentColor;
				CODE_SIGN_ENTITLEMENTS = SocialApp/SocialAppRelease.entitlements;
				CODE_SIGN_IDENTITY = "Apple Development";
				CODE_SIGN_STYLE = Automatic;
				CURRENT_PROJECT_VERSION = 1.1;
				DEVELOPMENT_TEAM = XYNZB3446A;
				GENERATE_INFOPLIST_FILE = YES;
				INFOPLIST_FILE = SocialApp/Info.plist;
				INFOPLIST_KEY_CFBundleDisplayName = Datque;
				INFOPLIST_KEY_NSCameraUsageDescription = "Keykey would like to access your camera for uploading profile picture, videos and for video calling";
				INFOPLIST_KEY_NSLocationAlwaysAndWhenInUseUsageDescription = "App access location to provide nearby users";
				INFOPLIST_KEY_NSLocationAlwaysUsageDescription = "App access location to provide nearby users";
				INFOPLIST_KEY_NSLocationUsageDescription = "App access location to provide nearby users";
				INFOPLIST_KEY_NSLocationWhenInUseUsageDescription = "key key request you to enable your location in order to communicate with your nearby users";
				INFOPLIST_KEY_NSMicrophoneUsageDescription = "Need microphone access for audio and video call";
				INFOPLIST_KEY_NSPhotoLibraryUsageDescription = "KeyKey would like to access your photo library for uploading profile pictures and videos";
				INFOPLIST_KEY_UIApplicationSupportsIndirectInputEvents = YES;
				INFOPLIST_KEY_UILaunchStoryboardName = LaunchScreen;
				INFOPLIST_KEY_UIMainStoryboardFile = Main;
				INFOPLIST_KEY_UISupportedInterfaceOrientations = UIInterfaceOrientationPortrait;
				INFOPLIST_KEY_UISupportedInterfaceOrientations_iPad = "UIInterfaceOrientationPortrait UIInterfaceOrientationPortraitUpsideDown UIInterfaceOrientationLandscapeLeft UIInterfaceOrientationLandscapeRight";
				INFOPLIST_KEY_UISupportedInterfaceOrientations_iPhone = "UIInterfaceOrientationPortrait UIInterfaceOrientationLandscapeLeft UIInterfaceOrientationLandscapeRight";
				INFOPLIST_KEY_UIUserInterfaceStyle = Light;
				IPHONEOS_DEPLOYMENT_TARGET = 14.0;
				LD_RUNPATH_SEARCH_PATHS = (
					"$(inherited)",
					"@executable_path/Frameworks",
				);
				MARKETING_VERSION = 3.1.11;
				PRODUCT_BUNDLE_IDENTIFIER = app.xomap.Datque;
				PRODUCT_NAME = "$(TARGET_NAME)";
				PROVISIONING_PROFILE_SPECIFIER = "";
				SWIFT_EMIT_LOC_STRINGS = YES;
				SWIFT_VERSION = 5.0;
				TARGETED_DEVICE_FAMILY = 1;
			};
			name = Release;
		};
		0477552827BB7B1F007A2F5E /* Debug */ = {
			isa = XCBuildConfiguration;
			buildSettings = {
				BUNDLE_LOADER = "$(TEST_HOST)";
				CODE_SIGN_IDENTITY = "Apple Distribution";
				"CODE_SIGN_IDENTITY[sdk=macosx*]" = "Apple Distribution";
				CODE_SIGN_STYLE = Manual;
				CURRENT_PROJECT_VERSION = 1;
				DEVELOPMENT_TEAM = XYNZB3446A;
				GENERATE_INFOPLIST_FILE = YES;
				IPHONEOS_DEPLOYMENT_TARGET = 15.0;
				LD_RUNPATH_SEARCH_PATHS = (
					"$(inherited)",
					"@executable_path/Frameworks",
					"@loader_path/Frameworks",
				);
				MARKETING_VERSION = 1.0;
				PRODUCT_BUNDLE_IDENTIFIER = jf.SocialAppTests;
				"PRODUCT_BUNDLE_IDENTIFIER[sdk=macosx*]" = "";
				PRODUCT_NAME = "$(TARGET_NAME)";
				PROVISIONING_PROFILE_SPECIFIER = "";
				"PROVISIONING_PROFILE_SPECIFIER[sdk=macosx*]" = "";
				SWIFT_EMIT_LOC_STRINGS = NO;
				SWIFT_VERSION = 5.0;
				TARGETED_DEVICE_FAMILY = "1,2";
				TEST_HOST = "$(BUILT_PRODUCTS_DIR)/SocialApp.app/SocialApp";
			};
			name = Debug;
		};
		0477552927BB7B1F007A2F5E /* Release */ = {
			isa = XCBuildConfiguration;
			buildSettings = {
				BUNDLE_LOADER = "$(TEST_HOST)";
				CODE_SIGN_IDENTITY = "Apple Distribution";
				"CODE_SIGN_IDENTITY[sdk=macosx*]" = "Apple Distribution";
				CODE_SIGN_STYLE = Manual;
				CURRENT_PROJECT_VERSION = 1;
				DEVELOPMENT_TEAM = XYNZB3446A;
				GENERATE_INFOPLIST_FILE = YES;
				IPHONEOS_DEPLOYMENT_TARGET = 15.0;
				LD_RUNPATH_SEARCH_PATHS = (
					"$(inherited)",
					"@executable_path/Frameworks",
					"@loader_path/Frameworks",
				);
				MARKETING_VERSION = 1.0;
				PRODUCT_BUNDLE_IDENTIFIER = jf.SocialAppTests;
				"PRODUCT_BUNDLE_IDENTIFIER[sdk=macosx*]" = "";
				PRODUCT_NAME = "$(TARGET_NAME)";
				PROVISIONING_PROFILE_SPECIFIER = "";
				"PROVISIONING_PROFILE_SPECIFIER[sdk=macosx*]" = "";
				SWIFT_EMIT_LOC_STRINGS = NO;
				SWIFT_VERSION = 5.0;
				TARGETED_DEVICE_FAMILY = "1,2";
				TEST_HOST = "$(BUILT_PRODUCTS_DIR)/SocialApp.app/SocialApp";
			};
			name = Release;
		};
/* End XCBuildConfiguration section */

/* Begin XCConfigurationList section */
		045D315E2763511500E9F1B0 /* Build configuration list for PBXProject "SocialApp" */ = {
			isa = XCConfigurationList;
			buildConfigurations = (
				045D31782763511800E9F1B0 /* Debug */,
				045D31792763511800E9F1B0 /* Release */,
			);
			defaultConfigurationIsVisible = 0;
			defaultConfigurationName = Release;
		};
		045D317A2763511800E9F1B0 /* Build configuration list for PBXNativeTarget "SocialApp" */ = {
			isa = XCConfigurationList;
			buildConfigurations = (
				045D317B2763511800E9F1B0 /* Debug */,
				045D317C2763511800E9F1B0 /* Release */,
			);
			defaultConfigurationIsVisible = 0;
			defaultConfigurationName = Release;
		};
		0477552A27BB7B1F007A2F5E /* Build configuration list for PBXNativeTarget "SocialAppTests" */ = {
			isa = XCConfigurationList;
			buildConfigurations = (
				0477552827BB7B1F007A2F5E /* Debug */,
				0477552927BB7B1F007A2F5E /* Release */,
			);
			defaultConfigurationIsVisible = 0;
			defaultConfigurationName = Release;
		};
/* End XCConfigurationList section */

/* Begin XCVersionGroup section */
		04378B132771DC66004F674F /* SocialApp.xcdatamodeld */ = {
			isa = XCVersionGroup;
			children = (
				04378B142771DC66004F674F /* SocialApp.xcdatamodel */,
			);
			currentVersion = 04378B142771DC66004F674F /* SocialApp.xcdatamodel */;
			path = SocialApp.xcdatamodeld;
			sourceTree = "<group>";
			versionGroupType = wrapper.xcdatamodel;
		};
/* End XCVersionGroup section */
	};
	rootObject = 045D315B2763511500E9F1B0 /* Project object */;
}
